// !$*UTF8*$!
{
	archiveVersion = 1;
	classes = {
	};
	objectVersion = 56;
	objects = {

/* Begin PBXBuildFile section */
		0003D81F2DAA6B7100ACF034 /* DSDetailColorBoard.m in Sources */ = {isa = PBXBuildFile; fileRef = 0003D7EA2DAA6B7100ACF034 /* DSDetailColorBoard.m */; };
		0003D8202DAA6B7100ACF034 /* BitmapCropManipulator.m in Sources */ = {isa = PBXBuildFile; fileRef = 0003D7FA2DAA6B7100ACF034 /* BitmapCropManipulator.m */; };
		0003D8212DAA6B7100ACF034 /* BitmapDrawManipulator.m in Sources */ = {isa = PBXBuildFile; fileRef = 0003D7F62DAA6B7100ACF034 /* BitmapDrawManipulator.m */; };
		0003D8222DAA6B7100ACF034 /* CGContextCreator.m in Sources */ = {isa = PBXBuildFile; fileRef = 0003D8052DAA6B7100ACF034 /* CGContextCreator.m */; };
		0003D8242DAA6B7100ACF034 /* BitmapContextManipulator.m in Sources */ = {isa = PBXBuildFile; fileRef = 0003D7FE2DAA6B7100ACF034 /* BitmapContextManipulator.m */; };
		0003D8252DAA6B7100ACF034 /* ANImageBitmapRep.m in Sources */ = {isa = PBXBuildFile; fileRef = 0003D8082DAA6B7100ACF034 /* ANImageBitmapRep.m */; };
		0003D8262DAA6B7100ACF034 /* RSOpacitySlider.m in Sources */ = {isa = PBXBuildFile; fileRef = 0003D81B2DAA6B7100ACF034 /* RSOpacitySlider.m */; };
		0003D8272DAA6B7100ACF034 /* RSSelectionLayer.m in Sources */ = {isa = PBXBuildFile; fileRef = 0003D8122DAA6B7100ACF034 /* RSSelectionLayer.m */; };
		0003D8282DAA6B7100ACF034 /* BGRSLoupeLayer.m in Sources */ = {isa = PBXBuildFile; fileRef = 0003D8162DAA6B7100ACF034 /* BGRSLoupeLayer.m */; };
		0003D8292DAA6B7100ACF034 /* RSColorPickerView.m in Sources */ = {isa = PBXBuildFile; fileRef = 0003D80C2DAA6B7100ACF034 /* RSColorPickerView.m */; };
		0003D82A2DAA6B7100ACF034 /* NSImage+ANImageBitmapRep.m in Sources */ = {isa = PBXBuildFile; fileRef = 0003D7F32DAA6B7100ACF034 /* NSImage+ANImageBitmapRep.m */; };
		0003D82B2DAA6B7100ACF034 /* RSBrightnessSlider.m in Sources */ = {isa = PBXBuildFile; fileRef = 0003D8192DAA6B7100ACF034 /* RSBrightnessSlider.m */; };
		0003D82C2DAA6B7100ACF034 /* UIImage+ANImageBitmapRep.m in Sources */ = {isa = PBXBuildFile; fileRef = 0003D7EF2DAA6B7100ACF034 /* UIImage+ANImageBitmapRep.m */; };
		0003D82D2DAA6B7100ACF034 /* RSColorPickerState.m in Sources */ = {isa = PBXBuildFile; fileRef = 0003D8142DAA6B7100ACF034 /* RSColorPickerState.m */; };
		0003D82E2DAA6B7100ACF034 /* CGImageContainer.m in Sources */ = {isa = PBXBuildFile; fileRef = 0003D8022DAA6B7100ACF034 /* CGImageContainer.m */; };
		0003D82F2DAA6B7100ACF034 /* DSRGBAColorLabel.m in Sources */ = {isa = PBXBuildFile; fileRef = 0003D7EC2DAA6B7100ACF034 /* DSRGBAColorLabel.m */; };
		0003D8302DAA6B7100ACF034 /* BitmapScaleManipulator.m in Sources */ = {isa = PBXBuildFile; fileRef = 0003D7FD2DAA6B7100ACF034 /* BitmapScaleManipulator.m */; };
		0003D8312DAA6B7100ACF034 /* BitmapContextRep.m in Sources */ = {isa = PBXBuildFile; fileRef = 0003D8072DAA6B7100ACF034 /* BitmapContextRep.m */; };
		0003D8322DAA6B7100ACF034 /* BitmapRotationManipulator.m in Sources */ = {isa = PBXBuildFile; fileRef = 0003D7FB2DAA6B7100ACF034 /* BitmapRotationManipulator.m */; };
		0003D8332DAA6B7100ACF034 /* SilderPlaceHolderView.m in Sources */ = {isa = PBXBuildFile; fileRef = 0003D81D2DAA6B7100ACF034 /* SilderPlaceHolderView.m */; };
		0003D8342DAA6B7100ACF034 /* OSCommonImage.m in Sources */ = {isa = PBXBuildFile; fileRef = 0003D7F42DAA6B7100ACF034 /* OSCommonImage.m */; };
		0003D8352DAA6B7100ACF034 /* RSGenerateOperation.m in Sources */ = {isa = PBXBuildFile; fileRef = 0003D8102DAA6B7100ACF034 /* RSGenerateOperation.m */; };
		0003D8362DAA6B7100ACF034 /* RSColorFunctions.m in Sources */ = {isa = PBXBuildFile; fileRef = 0003D80E2DAA6B7100ACF034 /* RSColorFunctions.m */; };
		0003D8392DAA6FE300ACF034 /* DSSliderBoard.m in Sources */ = {isa = PBXBuildFile; fileRef = 0003D8382DAA6FE300ACF034 /* DSSliderBoard.m */; };
		0003D83E2DAAAF1200ACF034 /* UIImage+.swift in Sources */ = {isa = PBXBuildFile; fileRef = 0003D83D2DAAAF1200ACF034 /* UIImage+.swift */; };
		001AB9392A9DC2F500C09045 /* JPProgressHUD.swift in Sources */ = {isa = PBXBuildFile; fileRef = 001AB9382A9DC2F500C09045 /* JPProgressHUD.swift */; };
		001AB93C2A9EDEFF00C09045 /* UserDefaults+.swift in Sources */ = {isa = PBXBuildFile; fileRef = 001AB93B2A9EDEFF00C09045 /* UserDefaults+.swift */; };
		001AB93D2A9F1C9800C09045 /* Assets.xcassets in Resources */ = {isa = PBXBuildFile; fileRef = 1A64F9592A085DE9000F979B /* Assets.xcassets */; };
		0045DC032DA626CD00346866 /* URL+.swift in Sources */ = {isa = PBXBuildFile; fileRef = 0045DC022DA626CD00346866 /* URL+.swift */; };
		004CA8D42F753CED004A6616 /* Lottie in Frameworks */ = {isa = PBXBuildFile; productRef = 004CA8D32F753CED004A6616 /* Lottie */; };
		0053162D2CF5BCA200EACB72 /* VideoMaker+SVGA.swift in Sources */ = {isa = PBXBuildFile; fileRef = 0053162C2CF5BCA200EACB72 /* VideoMaker+SVGA.swift */; };
		006398EC2CF71536005750C3 /* VideoMaker+GIF.swift in Sources */ = {isa = PBXBuildFile; fileRef = 006398EB2CF71536005750C3 /* VideoMaker+GIF.swift */; };
		007F1CE42CF8E05600FC65A5 /* BgImageType.swift in Sources */ = {isa = PBXBuildFile; fileRef = 007F1CE32CF8E05600FC65A5 /* BgImageType.swift */; };
		009F1C6D2A94B1B0009C9FF4 /* AnimationData.swift in Sources */ = {isa = PBXBuildFile; fileRef = 009F1C6C2A94B1B0009C9FF4 /* AnimationData.swift */; };
		009F1DA52A974291009C9FF4 /* Data+.swift in Sources */ = {isa = PBXBuildFile; fileRef = 009F1DA42A974291009C9FF4 /* Data+.swift */; };
		009F1DA72A984A21009C9FF4 /* AnimationStore.swift in Sources */ = {isa = PBXBuildFile; fileRef = 009F1DA62A984A21009C9FF4 /* AnimationStore.swift */; };
		00F96EAE2F504CCE00E6B0F8 /* SVGAPlayer_Optimized in Frameworks */ = {isa = PBXBuildFile; productRef = 00F96EAD2F504CCE00E6B0F8 /* SVGAPlayer_Optimized */; };
		00F96EC72F516D6600E6B0F8 /* SnapKit in Frameworks */ = {isa = PBXBuildFile; productRef = 00F96EC62F516D6600E6B0F8 /* SnapKit */; };
		00F96ED62F5176E100E6B0F8 /* SVProgressHUD.bundle in Resources */ = {isa = PBXBuildFile; fileRef = 00F96ED12F5176E100E6B0F8 /* SVProgressHUD.bundle */; };
		00F96ED72F5176E100E6B0F8 /* SVProgressHUD.m in Sources */ = {isa = PBXBuildFile; fileRef = 00F96ED22F5176E100E6B0F8 /* SVProgressHUD.m */; };
		00F96ED82F5176E100E6B0F8 /* SVProgressAnimatedView.m in Sources */ = {isa = PBXBuildFile; fileRef = 00F96ECF2F5176E100E6B0F8 /* SVProgressAnimatedView.m */; };
		00F96ED92F5176E100E6B0F8 /* SVRadialGradientLayer.m in Sources */ = {isa = PBXBuildFile; fileRef = 00F96ED42F5176E100E6B0F8 /* SVRadialGradientLayer.m */; };
		00F96EDA2F5176E100E6B0F8 /* SVIndefiniteAnimatedView.m in Sources */ = {isa = PBXBuildFile; fileRef = 00F96ECD2F5176E100E6B0F8 /* SVIndefiniteAnimatedView.m */; };
		1A64F9512A085DE7000F979B /* AppDelegate.swift in Sources */ = {isa = PBXBuildFile; fileRef = 1A64F9502A085DE7000F979B /* AppDelegate.swift */; };
		1A64F9532A085DE7000F979B /* SceneDelegate.swift in Sources */ = {isa = PBXBuildFile; fileRef = 1A64F9522A085DE7000F979B /* SceneDelegate.swift */; };
		1A64F9552A085DE7000F979B /* ViewController.swift in Sources */ = {isa = PBXBuildFile; fileRef = 1A64F9542A085DE7000F979B /* ViewController.swift */; };
		1A64F9582A085DE7000F979B /* Main.storyboard in Resources */ = {isa = PBXBuildFile; fileRef = 1A64F9562A085DE7000F979B /* Main.storyboard */; };
		1A64F95A2A085DE9000F979B /* Assets.xcassets in Resources */ = {isa = PBXBuildFile; fileRef = 1A64F9592A085DE9000F979B /* Assets.xcassets */; };
		1A64F95D2A085DE9000F979B /* LaunchScreen.storyboard in Resources */ = {isa = PBXBuildFile; fileRef = 1A64F95B2A085DE9000F979B /* LaunchScreen.storyboard */; };
		1A880DB32A0B6C7A00BE7F16 /* ViewController+Drop.swift in Sources */ = {isa = PBXBuildFile; fileRef = 1A880DB22A0B6C7A00BE7F16 /* ViewController+Drop.swift */; };
		1A95CC3B2A093C44006E3102 /* MacPlugin.bundle in Embed PlugIns */ = {isa = PBXBuildFile; fileRef = 1A95CC372A093B90006E3102 /* MacPlugin.bundle */; platformFilter = maccatalyst; settings = {ATTRIBUTES = (CodeSignOnCopy, RemoveHeadersOnCopy, ); }; };
		1A95CC3F2A093C85006E3102 /* Channel.swift in Sources */ = {isa = PBXBuildFile; fileRef = 1A95CC3E2A093C85006E3102 /* Channel.swift */; };
		1A95CC412A097DC8006E3102 /* MacPlugin.swift in Sources */ = {isa = PBXBuildFile; fileRef = 1A95CC402A097DC7006E3102 /* MacPlugin.swift */; };
		1A95CC422A097E24006E3102 /* Channel.swift in Sources */ = {isa = PBXBuildFile; fileRef = 1A95CC3E2A093C85006E3102 /* Channel.swift */; };
		1A95CC442A0985D7006E3102 /* MacChannel.swift in Sources */ = {isa = PBXBuildFile; fileRef = 1A95CC432A0985D7006E3102 /* MacChannel.swift */; };
		1A95CC952A0A05D9006E3102 /* Gradientable.swift in Sources */ = {isa = PBXBuildFile; fileRef = 1A95CC482A0A05D8006E3102 /* Gradientable.swift */; };
		1A95CC962A0A05D9006E3102 /* GradientView.swift in Sources */ = {isa = PBXBuildFile; fileRef = 1A95CC492A0A05D8006E3102 /* GradientView.swift */; };
		1A95CC972A0A05D9006E3102 /* Buttons.swift in Sources */ = {isa = PBXBuildFile; fileRef = 1A95CC4B2A0A05D8006E3102 /* Buttons.swift */; };
		1A95CC982A0A05D9006E3102 /* ImagePickerObject.swift in Sources */ = {isa = PBXBuildFile; fileRef = 1A95CC4D2A0A05D8006E3102 /* ImagePickerObject.swift */; };
		1A95CC992A0A05D9006E3102 /* ImagePicker.swift in Sources */ = {isa = PBXBuildFile; fileRef = 1A95CC4E2A0A05D8006E3102 /* ImagePicker.swift */; };
		1A95CC9A2A0A05D9006E3102 /* ImagePicker.API.swift in Sources */ = {isa = PBXBuildFile; fileRef = 1A95CC4F2A0A05D8006E3102 /* ImagePicker.API.swift */; };
		1A95CCA62A0A05D9006E3102 /* Literal+.swift in Sources */ = {isa = PBXBuildFile; fileRef = 1A95CC5F2A0A05D8006E3102 /* Literal+.swift */; };
		1A95CCA72A0A05D9006E3102 /* UIView+.swift in Sources */ = {isa = PBXBuildFile; fileRef = 1A95CC602A0A05D8006E3102 /* UIView+.swift */; };
		1A95CCA92A0A05D9006E3102 /* Bundle+.swift in Sources */ = {isa = PBXBuildFile; fileRef = 1A95CC622A0A05D8006E3102 /* Bundle+.swift */; };
		1A95CCAE2A0A05D9006E3102 /* UIColor+.swift in Sources */ = {isa = PBXBuildFile; fileRef = 1A95CC672A0A05D8006E3102 /* UIColor+.swift */; };
		1A95CCB22A0A05D9006E3102 /* UIScreen+.swift in Sources */ = {isa = PBXBuildFile; fileRef = 1A95CC6B2A0A05D8006E3102 /* UIScreen+.swift */; };
		1A95CCB42A0A05D9006E3102 /* JP.swift in Sources */ = {isa = PBXBuildFile; fileRef = 1A95CC6E2A0A05D8006E3102 /* JP.swift */; };
		1A95CCB62A0A05D9006E3102 /* Bindable.swift in Sources */ = {isa = PBXBuildFile; fileRef = 1A95CC702A0A05D8006E3102 /* Bindable.swift */; };
		1A95CCB72A0A05D9006E3102 /* Hookable.swift in Sources */ = {isa = PBXBuildFile; fileRef = 1A95CC712A0A05D8006E3102 /* Hookable.swift */; };
		1A95CCBC2A0A05D9006E3102 /* Function.swift in Sources */ = {isa = PBXBuildFile; fileRef = 1A95CC772A0A05D8006E3102 /* Function.swift */; };
		1A95CCBD2A0A05D9006E3102 /* UserDefault.swift in Sources */ = {isa = PBXBuildFile; fileRef = 1A95CC792A0A05D8006E3102 /* UserDefault.swift */; };
		1A95CCBE2A0A05D9006E3102 /* VideoMaker+Layer.swift in Sources */ = {isa = PBXBuildFile; fileRef = 1A95CC7A2A0A05D8006E3102 /* VideoMaker+Layer.swift */; };
		1A95CCBF2A0A05D9006E3102 /* VideoMaker+Lottie.swift in Sources */ = {isa = PBXBuildFile; fileRef = 1A95CC7B2A0A05D8006E3102 /* VideoMaker+Lottie.swift */; };
		1A95CCC02A0A05D9006E3102 /* VideoMaker.swift in Sources */ = {isa = PBXBuildFile; fileRef = 1A95CC7C2A0A05D8006E3102 /* VideoMaker.swift */; };
		1A95CCC62A0A05D9006E3102 /* LottieImageStore.swift in Sources */ = {isa = PBXBuildFile; fileRef = 1A95CC852A0A05D8006E3102 /* LottieImageStore.swift */; };
		1A95CCC72A0A05D9006E3102 /* DecodeImageProvider.swift in Sources */ = {isa = PBXBuildFile; fileRef = 1A95CC862A0A05D8006E3102 /* DecodeImageProvider.swift */; };
		1A95CCC82A0A05D9006E3102 /* LottieImagePicker.swift in Sources */ = {isa = PBXBuildFile; fileRef = 1A95CC872A0A05D8006E3102 /* LottieImagePicker.swift */; };
		1A95CCC92A0A05D9006E3102 /* File.swift in Sources */ = {isa = PBXBuildFile; fileRef = 1A95CC882A0A05D8006E3102 /* File.swift */; };
		1A95CCCC2A0A05D9006E3102 /* VideoMaker+ImageTest.swift in Sources */ = {isa = PBXBuildFile; fileRef = 1A95CC8C2A0A05D8006E3102 /* VideoMaker+ImageTest.swift */; };
		1A95CCCE2A0A05D9006E3102 /* VideoMaker+Image.swift in Sources */ = {isa = PBXBuildFile; fileRef = 1A95CC8E2A0A05D8006E3102 /* VideoMaker+Image.swift */; };
		1A95CCCF2A0A05D9006E3102 /* Done.swift in Sources */ = {isa = PBXBuildFile; fileRef = 1A95CC8F2A0A05D8006E3102 /* Done.swift */; };
		1A95CCD12A0A05D9006E3102 /* Asyncs.swift in Sources */ = {isa = PBXBuildFile; fileRef = 1A95CC912A0A05D8006E3102 /* Asyncs.swift */; };
		1A95CCD22A0A05D9006E3102 /* VideoMaker+ImageInfo.swift in Sources */ = {isa = PBXBuildFile; fileRef = 1A95CC922A0A05D8006E3102 /* VideoMaker+ImageInfo.swift */; };
		1A95CCD32A0A05D9006E3102 /* ScreenRotator.swift in Sources */ = {isa = PBXBuildFile; fileRef = 1A95CC932A0A05D9006E3102 /* ScreenRotator.swift */; };
		1A95CD852A0AA1A6006E3102 /* AnimationPlayView.swift in Sources */ = {isa = PBXBuildFile; fileRef = 1A95CD842A0AA1A6006E3102 /* AnimationPlayView.swift */; };
		1A95CD872A0AA1B9006E3102 /* AnimationImageView.swift in Sources */ = {isa = PBXBuildFile; fileRef = 1A95CD862A0AA1B9006E3102 /* AnimationImageView.swift */; };
		1A95CD952A0B6134006E3102 /* background1.jpg in Resources */ = {isa = PBXBuildFile; fileRef = 1A95CD942A0B6134006E3102 /* background1.jpg */; };
		1ADCAD7D2A9FA8B800D939FC /* background2.jpg in Resources */ = {isa = PBXBuildFile; fileRef = 1ADCAD7C2A9FA8B800D939FC /* background2.jpg */; };
/* End PBXBuildFile section */

/* Begin PBXCopyFilesBuildPhase section */
		004CA8D82F753D2F004A6616 /* Embed Frameworks */ = {
			isa = PBXCopyFilesBuildPhase;
			buildActionMask = 2147483647;
			dstPath = "";
			dstSubfolderSpec = 10;
			files = (
			);
			name = "Embed Frameworks";
			runOnlyForDeploymentPostprocessing = 0;
		};
		1A95CC1D2A0932D1006E3102 /* Embed PlugIns */ = {
			isa = PBXCopyFilesBuildPhase;
			buildActionMask = 2147483647;
			dstPath = "";
			dstSubfolderSpec = 13;
			files = (
				1A95CC3B2A093C44006E3102 /* MacPlugin.bundle in Embed PlugIns */,
			);
			name = "Embed PlugIns";
			runOnlyForDeploymentPostprocessing = 0;
		};
/* End PBXCopyFilesBuildPhase section */

/* Begin PBXFileReference section */
		0003D7E92DAA6B7100ACF034 /* DSDetailColorBoard.h */ = {isa = PBXFileReference; lastKnownFileType = sourcecode.c.h; path = DSDetailColorBoard.h; sourceTree = "<group>"; };
		0003D7EA2DAA6B7100ACF034 /* DSDetailColorBoard.m */ = {isa = PBXFileReference; lastKnownFileType = sourcecode.c.objc; path = DSDetailColorBoard.m; sourceTree = "<group>"; };
		0003D7EB2DAA6B7100ACF034 /* DSRGBAColorLabel.h */ = {isa = PBXFileReference; lastKnownFileType = sourcecode.c.h; path = DSRGBAColorLabel.h; sourceTree = "<group>"; };
		0003D7EC2DAA6B7100ACF034 /* DSRGBAColorLabel.m */ = {isa = PBXFileReference; lastKnownFileType = sourcecode.c.objc; path = DSRGBAColorLabel.m; sourceTree = "<group>"; };
		0003D7EF2DAA6B7100ACF034 /* UIImage+ANImageBitmapRep.m */ = {isa = PBXFileReference; lastKnownFileType = sourcecode.c.objc; path = "UIImage+ANImageBitmapRep.m"; sourceTree = "<group>"; };
		0003D7F02DAA6B7100ACF034 /* OSCommonImage.h */ = {isa = PBXFileReference; lastKnownFileType = sourcecode.c.h; path = OSCommonImage.h; sourceTree = "<group>"; };
		0003D7F12DAA6B7100ACF034 /* NSImage+ANImageBitmapRep.h */ = {isa = PBXFileReference; lastKnownFileType = sourcecode.c.h; path = "NSImage+ANImageBitmapRep.h"; sourceTree = "<group>"; };
		0003D7F22DAA6B7100ACF034 /* UIImage+ANImageBitmapRep.h */ = {isa = PBXFileReference; lastKnownFileType = sourcecode.c.h; path = "UIImage+ANImageBitmapRep.h"; sourceTree = "<group>"; };
		0003D7F32DAA6B7100ACF034 /* NSImage+ANImageBitmapRep.m */ = {isa = PBXFileReference; lastKnownFileType = sourcecode.c.objc; path = "NSImage+ANImageBitmapRep.m"; sourceTree = "<group>"; };
		0003D7F42DAA6B7100ACF034 /* OSCommonImage.m */ = {isa = PBXFileReference; lastKnownFileType = sourcecode.c.objc; path = OSCommonImage.m; sourceTree = "<group>"; };
		0003D7F62DAA6B7100ACF034 /* BitmapDrawManipulator.m */ = {isa = PBXFileReference; lastKnownFileType = sourcecode.c.objc; path = BitmapDrawManipulator.m; sourceTree = "<group>"; };
		0003D7F72DAA6B7100ACF034 /* BitmapRotationManipulator.h */ = {isa = PBXFileReference; lastKnownFileType = sourcecode.c.h; path = BitmapRotationManipulator.h; sourceTree = "<group>"; };
		0003D7F82DAA6B7100ACF034 /* BitmapContextManipulator.h */ = {isa = PBXFileReference; lastKnownFileType = sourcecode.c.h; path = BitmapContextManipulator.h; sourceTree = "<group>"; };
		0003D7F92DAA6B7100ACF034 /* BitmapScaleManipulator.h */ = {isa = PBXFileReference; lastKnownFileType = sourcecode.c.h; path = BitmapScaleManipulator.h; sourceTree = "<group>"; };
		0003D7FA2DAA6B7100ACF034 /* BitmapCropManipulator.m */ = {isa = PBXFileReference; lastKnownFileType = sourcecode.c.objc; path = BitmapCropManipulator.m; sourceTree = "<group>"; };
		0003D7FB2DAA6B7100ACF034 /* BitmapRotationManipulator.m */ = {isa = PBXFileReference; lastKnownFileType = sourcecode.c.objc; path = BitmapRotationManipulator.m; sourceTree = "<group>"; };
		0003D7FC2DAA6B7100ACF034 /* BitmapDrawManipulator.h */ = {isa = PBXFileReference; lastKnownFileType = sourcecode.c.h; path = BitmapDrawManipulator.h; sourceTree = "<group>"; };
		0003D7FD2DAA6B7100ACF034 /* BitmapScaleManipulator.m */ = {isa = PBXFileReference; lastKnownFileType = sourcecode.c.objc; path = BitmapScaleManipulator.m; sourceTree = "<group>"; };
		0003D7FE2DAA6B7100ACF034 /* BitmapContextManipulator.m */ = {isa = PBXFileReference; lastKnownFileType = sourcecode.c.objc; path = BitmapContextManipulator.m; sourceTree = "<group>"; };
		0003D7FF2DAA6B7100ACF034 /* BitmapCropManipulator.h */ = {isa = PBXFileReference; lastKnownFileType = sourcecode.c.h; path = BitmapCropManipulator.h; sourceTree = "<group>"; };
		0003D8012DAA6B7100ACF034 /* ANImageBitmapRep.h */ = {isa = PBXFileReference; lastKnownFileType = sourcecode.c.h; path = ANImageBitmapRep.h; sourceTree = "<group>"; };
		0003D8022DAA6B7100ACF034 /* CGImageContainer.m */ = {isa = PBXFileReference; lastKnownFileType = sourcecode.c.objc; path = CGImageContainer.m; sourceTree = "<group>"; };
		0003D8032DAA6B7100ACF034 /* CGContextCreator.h */ = {isa = PBXFileReference; lastKnownFileType = sourcecode.c.h; path = CGContextCreator.h; sourceTree = "<group>"; };
		0003D8042DAA6B7100ACF034 /* CGImageContainer.h */ = {isa = PBXFileReference; lastKnownFileType = sourcecode.c.h; path = CGImageContainer.h; sourceTree = "<group>"; };
		0003D8052DAA6B7100ACF034 /* CGContextCreator.m */ = {isa = PBXFileReference; lastKnownFileType = sourcecode.c.objc; path = CGContextCreator.m; sourceTree = "<group>"; };
		0003D8072DAA6B7100ACF034 /* BitmapContextRep.m */ = {isa = PBXFileReference; lastKnownFileType = sourcecode.c.objc; path = BitmapContextRep.m; sourceTree = "<group>"; };
		0003D8082DAA6B7100ACF034 /* ANImageBitmapRep.m */ = {isa = PBXFileReference; lastKnownFileType = sourcecode.c.objc; path = ANImageBitmapRep.m; sourceTree = "<group>"; };
		0003D8092DAA6B7100ACF034 /* BitmapContextRep.h */ = {isa = PBXFileReference; lastKnownFileType = sourcecode.c.h; path = BitmapContextRep.h; sourceTree = "<group>"; };
		0003D80B2DAA6B7100ACF034 /* RSColorPickerView.h */ = {isa = PBXFileReference; lastKnownFileType = sourcecode.c.h; path = RSColorPickerView.h; sourceTree = "<group>"; };
		0003D80C2DAA6B7100ACF034 /* RSColorPickerView.m */ = {isa = PBXFileReference; lastKnownFileType = sourcecode.c.objc; path = RSColorPickerView.m; sourceTree = "<group>"; };
		0003D80D2DAA6B7100ACF034 /* RSColorFunctions.h */ = {isa = PBXFileReference; lastKnownFileType = sourcecode.c.h; path = RSColorFunctions.h; sourceTree = "<group>"; };
		0003D80E2DAA6B7100ACF034 /* RSColorFunctions.m */ = {isa = PBXFileReference; lastKnownFileType = sourcecode.c.objc; path = RSColorFunctions.m; sourceTree = "<group>"; };
		0003D80F2DAA6B7100ACF034 /* RSGenerateOperation.h */ = {isa = PBXFileReference; lastKnownFileType = sourcecode.c.h; path = RSGenerateOperation.h; sourceTree = "<group>"; };
		0003D8102DAA6B7100ACF034 /* RSGenerateOperation.m */ = {isa = PBXFileReference; lastKnownFileType = sourcecode.c.objc; path = RSGenerateOperation.m; sourceTree = "<group>"; };
		0003D8112DAA6B7100ACF034 /* RSSelectionLayer.h */ = {isa = PBXFileReference; lastKnownFileType = sourcecode.c.h; path = RSSelectionLayer.h; sourceTree = "<group>"; };
		0003D8122DAA6B7100ACF034 /* RSSelectionLayer.m */ = {isa = PBXFileReference; lastKnownFileType = sourcecode.c.objc; path = RSSelectionLayer.m; sourceTree = "<group>"; };
		0003D8132DAA6B7100ACF034 /* RSColorPickerState.h */ = {isa = PBXFileReference; lastKnownFileType = sourcecode.c.h; path = RSColorPickerState.h; sourceTree = "<group>"; };
		0003D8142DAA6B7100ACF034 /* RSColorPickerState.m */ = {isa = PBXFileReference; lastKnownFileType = sourcecode.c.objc; path = RSColorPickerState.m; sourceTree = "<group>"; };
		0003D8152DAA6B7100ACF034 /* BGRSLoupeLayer.h */ = {isa = PBXFileReference; lastKnownFileType = sourcecode.c.h; path = BGRSLoupeLayer.h; sourceTree = "<group>"; };
		0003D8162DAA6B7100ACF034 /* BGRSLoupeLayer.m */ = {isa = PBXFileReference; lastKnownFileType = sourcecode.c.objc; path = BGRSLoupeLayer.m; sourceTree = "<group>"; };
		0003D8182DAA6B7100ACF034 /* RSBrightnessSlider.h */ = {isa = PBXFileReference; lastKnownFileType = sourcecode.c.h; path = RSBrightnessSlider.h; sourceTree = "<group>"; };
		0003D8192DAA6B7100ACF034 /* RSBrightnessSlider.m */ = {isa = PBXFileReference; lastKnownFileType = sourcecode.c.objc; path = RSBrightnessSlider.m; sourceTree = "<group>"; };
		0003D81A2DAA6B7100ACF034 /* RSOpacitySlider.h */ = {isa = PBXFileReference; lastKnownFileType = sourcecode.c.h; path = RSOpacitySlider.h; sourceTree = "<group>"; };
		0003D81B2DAA6B7100ACF034 /* RSOpacitySlider.m */ = {isa = PBXFileReference; lastKnownFileType = sourcecode.c.objc; path = RSOpacitySlider.m; sourceTree = "<group>"; };
		0003D81C2DAA6B7100ACF034 /* SilderPlaceHolderView.h */ = {isa = PBXFileReference; lastKnownFileType = sourcecode.c.h; path = SilderPlaceHolderView.h; sourceTree = "<group>"; };
		0003D81D2DAA6B7100ACF034 /* SilderPlaceHolderView.m */ = {isa = PBXFileReference; lastKnownFileType = sourcecode.c.objc; path = SilderPlaceHolderView.m; sourceTree = "<group>"; };
		0003D8372DAA6FE300ACF034 /* DSSliderBoard.h */ = {isa = PBXFileReference; lastKnownFileType = sourcecode.c.h; path = DSSliderBoard.h; sourceTree = "<group>"; };
		0003D8382DAA6FE300ACF034 /* DSSliderBoard.m */ = {isa = PBXFileReference; lastKnownFileType = sourcecode.c.objc; path = DSSliderBoard.m; sourceTree = "<group>"; };
		0003D83D2DAAAF1200ACF034 /* UIImage+.swift */ = {isa = PBXFileReference; lastKnownFileType = sourcecode.swift; path = "UIImage+.swift"; sourceTree = "<group>"; };
		001AB9382A9DC2F500C09045 /* JPProgressHUD.swift */ = {isa = PBXFileReference; lastKnownFileType = sourcecode.swift; path = JPProgressHUD.swift; sourceTree = "<group>"; };
		001AB93B2A9EDEFF00C09045 /* UserDefaults+.swift */ = {isa = PBXFileReference; lastKnownFileType = sourcecode.swift; path = "UserDefaults+.swift"; sourceTree = "<group>"; };
		0045DC022DA626CD00346866 /* URL+.swift */ = {isa = PBXFileReference; lastKnownFileType = sourcecode.swift; path = "URL+.swift"; sourceTree = "<group>"; };
		0053162C2CF5BCA200EACB72 /* VideoMaker+SVGA.swift */ = {isa = PBXFileReference; lastKnownFileType = sourcecode.swift; path = "VideoMaker+SVGA.swift"; sourceTree = "<group>"; };
		006398EB2CF71536005750C3 /* VideoMaker+GIF.swift */ = {isa = PBXFileReference; lastKnownFileType = sourcecode.swift; path = "VideoMaker+GIF.swift"; sourceTree = "<group>"; };
		007F1CE32CF8E05600FC65A5 /* BgImageType.swift */ = {isa = PBXFileReference; lastKnownFileType = sourcecode.swift; path = BgImageType.swift; sourceTree = "<group>"; };
		009F1C6C2A94B1B0009C9FF4 /* AnimationData.swift */ = {isa = PBXFileReference; lastKnownFileType = sourcecode.swift; path = AnimationData.swift; sourceTree = "<group>"; };
		009F1DA42A974291009C9FF4 /* Data+.swift */ = {isa = PBXFileReference; lastKnownFileType = sourcecode.swift; path = "Data+.swift"; sourceTree = "<group>"; };
		009F1DA62A984A21009C9FF4 /* AnimationStore.swift */ = {isa = PBXFileReference; lastKnownFileType = sourcecode.swift; path = AnimationStore.swift; sourceTree = "<group>"; };
		00F96ECC2F5176E100E6B0F8 /* SVIndefiniteAnimatedView.h */ = {isa = PBXFileReference; lastKnownFileType = sourcecode.c.h; path = SVIndefiniteAnimatedView.h; sourceTree = "<group>"; };
		00F96ECD2F5176E100E6B0F8 /* SVIndefiniteAnimatedView.m */ = {isa = PBXFileReference; lastKnownFileType = sourcecode.c.objc; path = SVIndefiniteAnimatedView.m; sourceTree = "<group>"; };
		00F96ECE2F5176E100E6B0F8 /* SVProgressAnimatedView.h */ = {isa = PBXFileReference; lastKnownFileType = sourcecode.c.h; path = SVProgressAnimatedView.h; sourceTree = "<group>"; };
		00F96ECF2F5176E100E6B0F8 /* SVProgressAnimatedView.m */ = {isa = PBXFileReference; lastKnownFileType = sourcecode.c.objc; path = SVProgressAnimatedView.m; sourceTree = "<group>"; };
		00F96ED02F5176E100E6B0F8 /* SVProgressHUD.h */ = {isa = PBXFileReference; lastKnownFileType = sourcecode.c.h; path = SVProgressHUD.h; sourceTree = "<group>"; };
		00F96ED12F5176E100E6B0F8 /* SVProgressHUD.bundle */ = {isa = PBXFileReference; lastKnownFileType = "wrapper.plug-in"; path = SVProgressHUD.bundle; sourceTree = "<group>"; };
		00F96ED22F5176E100E6B0F8 /* SVProgressHUD.m */ = {isa = PBXFileReference; lastKnownFileType = sourcecode.c.objc; path = SVProgressHUD.m; sourceTree = "<group>"; };
		00F96ED32F5176E100E6B0F8 /* SVRadialGradientLayer.h */ = {isa = PBXFileReference; lastKnownFileType = sourcecode.c.h; path = SVRadialGradientLayer.h; sourceTree = "<group>"; };
		00F96ED42F5176E100E6B0F8 /* SVRadialGradientLayer.m */ = {isa = PBXFileReference; lastKnownFileType = sourcecode.c.objc; path = SVRadialGradientLayer.m; sourceTree = "<group>"; };
		1A64F94D2A085DE7000F979B /* Animation Previewer.app */ = {isa = PBXFileReference; explicitFileType = wrapper.application; includeInIndex = 0; path = "Animation Previewer.app"; sourceTree = BUILT_PRODUCTS_DIR; };
		1A64F9502A085DE7000F979B /* AppDelegate.swift */ = {isa = PBXFileReference; lastKnownFileType = sourcecode.swift; path = AppDelegate.swift; sourceTree = "<group>"; };
		1A64F9522A085DE7000F979B /* SceneDelegate.swift */ = {isa = PBXFileReference; lastKnownFileType = sourcecode.swift; path = SceneDelegate.swift; sourceTree = "<group>"; };
		1A64F9542A085DE7000F979B /* ViewController.swift */ = {isa = PBXFileReference; lastKnownFileType = sourcecode.swift; path = ViewController.swift; sourceTree = "<group>"; };
		1A64F9572A085DE7000F979B /* Base */ = {isa = PBXFileReference; lastKnownFileType = file.storyboard; name = Base; path = Base.lproj/Main.storyboard; sourceTree = "<group>"; };
		1A64F9592A085DE9000F979B /* Assets.xcassets */ = {isa = PBXFileReference; lastKnownFileType = folder.assetcatalog; path = Assets.xcassets; sourceTree = "<group>"; };
		1A64F95C2A085DE9000F979B /* Base */ = {isa = PBXFileReference; lastKnownFileType = file.storyboard; name = Base; path = Base.lproj/LaunchScreen.storyboard; sourceTree = "<group>"; };
		1A64F95E2A085DE9000F979B /* Info.plist */ = {isa = PBXFileReference; lastKnownFileType = text.plist.xml; path = Info.plist; sourceTree = "<group>"; };
		1A64F9642A085F9E000F979B /* AnimationPreviewer.entitlements */ = {isa = PBXFileReference; lastKnownFileType = text.plist.entitlements; path = AnimationPreviewer.entitlements; sourceTree = "<group>"; };
		1A64F9A62A08EF00000F979B /* AnimationPreviewer-Bridging-Header.h */ = {isa = PBXFileReference; lastKnownFileType = sourcecode.c.h; path = "AnimationPreviewer-Bridging-Header.h"; sourceTree = "<group>"; };
		1A880DB22A0B6C7A00BE7F16 /* ViewController+Drop.swift */ = {isa = PBXFileReference; lastKnownFileType = sourcecode.swift; path = "ViewController+Drop.swift"; sourceTree = "<group>"; };
		1A880DB62A0B7AD800BE7F16 /* README.md */ = {isa = PBXFileReference; lastKnownFileType = net.daringfireball.markdown; path = README.md; sourceTree = "<group>"; };
		1A95CC372A093B90006E3102 /* MacPlugin.bundle */ = {isa = PBXFileReference; explicitFileType = wrapper.cfbundle; includeInIndex = 0; path = MacPlugin.bundle; sourceTree = BUILT_PRODUCTS_DIR; };
		1A95CC3D2A093C84006E3102 /* MacPlugin-Bridging-Header.h */ = {isa = PBXFileReference; lastKnownFileType = sourcecode.c.h; path = "MacPlugin-Bridging-Header.h"; sourceTree = "<group>"; };
		1A95CC3E2A093C85006E3102 /* Channel.swift */ = {isa = PBXFileReference; lastKnownFileType = sourcecode.swift; path = Channel.swift; sourceTree = "<group>"; };
		1A95CC402A097DC7006E3102 /* MacPlugin.swift */ = {isa = PBXFileReference; lastKnownFileType = sourcecode.swift; path = MacPlugin.swift; sourceTree = "<group>"; };
		1A95CC432A0985D7006E3102 /* MacChannel.swift */ = {isa = PBXFileReference; lastKnownFileType = sourcecode.swift; path = MacChannel.swift; sourceTree = "<group>"; };
		1A95CC482A0A05D8006E3102 /* Gradientable.swift */ = {isa = PBXFileReference; fileEncoding = 4; lastKnownFileType = sourcecode.swift; path = Gradientable.swift; sourceTree = "<group>"; };
		1A95CC492A0A05D8006E3102 /* GradientView.swift */ = {isa = PBXFileReference; fileEncoding = 4; lastKnownFileType = sourcecode.swift; path = GradientView.swift; sourceTree = "<group>"; };
		1A95CC4B2A0A05D8006E3102 /* Buttons.swift */ = {isa = PBXFileReference; fileEncoding = 4; lastKnownFileType = sourcecode.swift; path = Buttons.swift; sourceTree = "<group>"; };
		1A95CC4D2A0A05D8006E3102 /* ImagePickerObject.swift */ = {isa = PBXFileReference; fileEncoding = 4; lastKnownFileType = sourcecode.swift; path = ImagePickerObject.swift; sourceTree = "<group>"; };
		1A95CC4E2A0A05D8006E3102 /* ImagePicker.swift */ = {isa = PBXFileReference; fileEncoding = 4; lastKnownFileType = sourcecode.swift; path = ImagePicker.swift; sourceTree = "<group>"; };
		1A95CC4F2A0A05D8006E3102 /* ImagePicker.API.swift */ = {isa = PBXFileReference; fileEncoding = 4; lastKnownFileType = sourcecode.swift; path = ImagePicker.API.swift; sourceTree = "<group>"; };
		1A95CC5F2A0A05D8006E3102 /* Literal+.swift */ = {isa = PBXFileReference; fileEncoding = 4; lastKnownFileType = sourcecode.swift; path = "Literal+.swift"; sourceTree = "<group>"; };
		1A95CC602A0A05D8006E3102 /* UIView+.swift */ = {isa = PBXFileReference; fileEncoding = 4; lastKnownFileType = sourcecode.swift; path = "UIView+.swift"; sourceTree = "<group>"; };
		1A95CC622A0A05D8006E3102 /* Bundle+.swift */ = {isa = PBXFileReference; fileEncoding = 4; lastKnownFileType = sourcecode.swift; path = "Bundle+.swift"; sourceTree = "<group>"; };
		1A95CC672A0A05D8006E3102 /* UIColor+.swift */ = {isa = PBXFileReference; fileEncoding = 4; lastKnownFileType = sourcecode.swift; path = "UIColor+.swift"; sourceTree = "<group>"; };
		1A95CC6B2A0A05D8006E3102 /* UIScreen+.swift */ = {isa = PBXFileReference; fileEncoding = 4; lastKnownFileType = sourcecode.swift; path = "UIScreen+.swift"; sourceTree = "<group>"; };
		1A95CC6E2A0A05D8006E3102 /* JP.swift */ = {isa = PBXFileReference; fileEncoding = 4; lastKnownFileType = sourcecode.swift; path = JP.swift; sourceTree = "<group>"; };
		1A95CC702A0A05D8006E3102 /* Bindable.swift */ = {isa = PBXFileReference; fileEncoding = 4; lastKnownFileType = sourcecode.swift; path = Bindable.swift; sourceTree = "<group>"; };
		1A95CC712A0A05D8006E3102 /* Hookable.swift */ = {isa = PBXFileReference; fileEncoding = 4; lastKnownFileType = sourcecode.swift; path = Hookable.swift; sourceTree = "<group>"; };
		1A95CC772A0A05D8006E3102 /* Function.swift */ = {isa = PBXFileReference; fileEncoding = 4; lastKnownFileType = sourcecode.swift; path = Function.swift; sourceTree = "<group>"; };
		1A95CC792A0A05D8006E3102 /* UserDefault.swift */ = {isa = PBXFileReference; fileEncoding = 4; lastKnownFileType = sourcecode.swift; path = UserDefault.swift; sourceTree = "<group>"; };
		1A95CC7A2A0A05D8006E3102 /* VideoMaker+Layer.swift */ = {isa = PBXFileReference; fileEncoding = 4; lastKnownFileType = sourcecode.swift; path = "VideoMaker+Layer.swift"; sourceTree = "<group>"; };
		1A95CC7B2A0A05D8006E3102 /* VideoMaker+Lottie.swift */ = {isa = PBXFileReference; fileEncoding = 4; lastKnownFileType = sourcecode.swift; path = "VideoMaker+Lottie.swift"; sourceTree = "<group>"; };
		1A95CC7C2A0A05D8006E3102 /* VideoMaker.swift */ = {isa = PBXFileReference; fileEncoding = 4; lastKnownFileType = sourcecode.swift; path = VideoMaker.swift; sourceTree = "<group>"; };
		1A95CC852A0A05D8006E3102 /* LottieImageStore.swift */ = {isa = PBXFileReference; fileEncoding = 4; lastKnownFileType = sourcecode.swift; path = LottieImageStore.swift; sourceTree = "<group>"; };
		1A95CC862A0A05D8006E3102 /* DecodeImageProvider.swift */ = {isa = PBXFileReference; fileEncoding = 4; lastKnownFileType = sourcecode.swift; path = DecodeImageProvider.swift; sourceTree = "<group>"; };
		1A95CC872A0A05D8006E3102 /* LottieImagePicker.swift */ = {isa = PBXFileReference; fileEncoding = 4; lastKnownFileType = sourcecode.swift; path = LottieImagePicker.swift; sourceTree = "<group>"; };
		1A95CC882A0A05D8006E3102 /* File.swift */ = {isa = PBXFileReference; fileEncoding = 4; lastKnownFileType = sourcecode.swift; path = File.swift; sourceTree = "<group>"; };
		1A95CC8C2A0A05D8006E3102 /* VideoMaker+ImageTest.swift */ = {isa = PBXFileReference; fileEncoding = 4; lastKnownFileType = sourcecode.swift; path = "VideoMaker+ImageTest.swift"; sourceTree = "<group>"; };
		1A95CC8E2A0A05D8006E3102 /* VideoMaker+Image.swift */ = {isa = PBXFileReference; fileEncoding = 4; lastKnownFileType = sourcecode.swift; path = "VideoMaker+Image.swift"; sourceTree = "<group>"; };
		1A95CC8F2A0A05D8006E3102 /* Done.swift */ = {isa = PBXFileReference; fileEncoding = 4; lastKnownFileType = sourcecode.swift; path = Done.swift; sourceTree = "<group>"; };
		1A95CC912A0A05D8006E3102 /* Asyncs.swift */ = {isa = PBXFileReference; fileEncoding = 4; lastKnownFileType = sourcecode.swift; path = Asyncs.swift; sourceTree = "<group>"; };
		1A95CC922A0A05D8006E3102 /* VideoMaker+ImageInfo.swift */ = {isa = PBXFileReference; fileEncoding = 4; lastKnownFileType = sourcecode.swift; path = "VideoMaker+ImageInfo.swift"; sourceTree = "<group>"; };
		1A95CC932A0A05D9006E3102 /* ScreenRotator.swift */ = {isa = PBXFileReference; fileEncoding = 4; lastKnownFileType = sourcecode.swift; path = ScreenRotator.swift; sourceTree = "<group>"; };
		1A95CD842A0AA1A6006E3102 /* AnimationPlayView.swift */ = {isa = PBXFileReference; lastKnownFileType = sourcecode.swift; path = AnimationPlayView.swift; sourceTree = "<group>"; };
		1A95CD862A0AA1B9006E3102 /* AnimationImageView.swift */ = {isa = PBXFileReference; lastKnownFileType = sourcecode.swift; path = AnimationImageView.swift; sourceTree = "<group>"; };
		1A95CD942A0B6134006E3102 /* background1.jpg */ = {isa = PBXFileReference; lastKnownFileType = image.jpeg; path = background1.jpg; sourceTree = "<group>"; };
		1ADCAD7C2A9FA8B800D939FC /* background2.jpg */ = {isa = PBXFileReference; lastKnownFileType = image.jpeg; path = background2.jpg; sourceTree = "<group>"; };
		E5D7A399D7C16BC354CD1DBF /* Pods_AnimationPreviewer.framework */ = {isa = PBXFileReference; explicitFileType = wrapper.framework; includeInIndex = 0; path = Pods_AnimationPreviewer.framework; sourceTree = BUILT_PRODUCTS_DIR; };
/* End PBXFileReference section */

/* Begin PBXFrameworksBuildPhase section */
		1A64F94A2A085DE7000F979B /* Frameworks */ = {
			isa = PBXFrameworksBuildPhase;
			buildActionMask = 2147483647;
			files = (
				00F96EC72F516D6600E6B0F8 /* SnapKit in Frameworks */,
				00F96EAE2F504CCE00E6B0F8 /* SVGAPlayer_Optimized in Frameworks */,
				004CA8D42F753CED004A6616 /* Lottie in Frameworks */,
			);
			runOnlyForDeploymentPostprocessing = 0;
		};
		1A95CC342A093B90006E3102 /* Frameworks */ = {
			isa = PBXFrameworksBuildPhase;
			buildActionMask = 2147483647;
			files = (
			);
			runOnlyForDeploymentPostprocessing = 0;
		};
/* End PBXFrameworksBuildPhase section */

/* Begin PBXGroup section */
		0003D7F52DAA6B7100ACF034 /* Compatibility */ = {
			isa = PBXGroup;
			children = (
				0003D7F12DAA6B7100ACF034 /* NSImage+ANImageBitmapRep.h */,
				0003D7F32DAA6B7100ACF034 /* NSImage+ANImageBitmapRep.m */,
				0003D7F02DAA6B7100ACF034 /* OSCommonImage.h */,
				0003D7F42DAA6B7100ACF034 /* OSCommonImage.m */,
				0003D7F22DAA6B7100ACF034 /* UIImage+ANImageBitmapRep.h */,
				0003D7EF2DAA6B7100ACF034 /* UIImage+ANImageBitmapRep.m */,
			);
			path = Compatibility;
			sourceTree = "<group>";
		};
		0003D8002DAA6B7100ACF034 /* Manipulators */ = {
			isa = PBXGroup;
			children = (
				0003D7F82DAA6B7100ACF034 /* BitmapContextManipulator.h */,
				0003D7FE2DAA6B7100ACF034 /* BitmapContextManipulator.m */,
				0003D7FF2DAA6B7100ACF034 /* BitmapCropManipulator.h */,
				0003D7FA2DAA6B7100ACF034 /* BitmapCropManipulator.m */,
				0003D7FC2DAA6B7100ACF034 /* BitmapDrawManipulator.h */,
				0003D7F62DAA6B7100ACF034 /* BitmapDrawManipulator.m */,
				0003D7F72DAA6B7100ACF034 /* BitmapRotationManipulator.h */,
				0003D7FB2DAA6B7100ACF034 /* BitmapRotationManipulator.m */,
				0003D7F92DAA6B7100ACF034 /* BitmapScaleManipulator.h */,
				0003D7FD2DAA6B7100ACF034 /* BitmapScaleManipulator.m */,
			);
			path = Manipulators;
			sourceTree = "<group>";
		};
		0003D8062DAA6B7100ACF034 /* CoreGraphics */ = {
			isa = PBXGroup;
			children = (
				0003D8032DAA6B7100ACF034 /* CGContextCreator.h */,
				0003D8052DAA6B7100ACF034 /* CGContextCreator.m */,
				0003D8042DAA6B7100ACF034 /* CGImageContainer.h */,
				0003D8022DAA6B7100ACF034 /* CGImageContainer.m */,
			);
			path = CoreGraphics;
			sourceTree = "<group>";
		};
		0003D80A2DAA6B7100ACF034 /* ANImageBitmapRep */ = {
			isa = PBXGroup;
			children = (
				0003D8012DAA6B7100ACF034 /* ANImageBitmapRep.h */,
				0003D8082DAA6B7100ACF034 /* ANImageBitmapRep.m */,
				0003D8092DAA6B7100ACF034 /* BitmapContextRep.h */,
				0003D8072DAA6B7100ACF034 /* BitmapContextRep.m */,
				0003D7F52DAA6B7100ACF034 /* Compatibility */,
				0003D8062DAA6B7100ACF034 /* CoreGraphics */,
				0003D8002DAA6B7100ACF034 /* Manipulators */,
			);
			path = ANImageBitmapRep;
			sourceTree = "<group>";
		};
		0003D8172DAA6B7100ACF034 /* ColorPickerClasses */ = {
			isa = PBXGroup;
			children = (
				0003D8152DAA6B7100ACF034 /* BGRSLoupeLayer.h */,
				0003D8162DAA6B7100ACF034 /* BGRSLoupeLayer.m */,
				0003D80D2DAA6B7100ACF034 /* RSColorFunctions.h */,
				0003D80E2DAA6B7100ACF034 /* RSColorFunctions.m */,
				0003D8132DAA6B7100ACF034 /* RSColorPickerState.h */,
				0003D8142DAA6B7100ACF034 /* RSColorPickerState.m */,
				0003D80B2DAA6B7100ACF034 /* RSColorPickerView.h */,
				0003D80C2DAA6B7100ACF034 /* RSColorPickerView.m */,
				0003D80F2DAA6B7100ACF034 /* RSGenerateOperation.h */,
				0003D8102DAA6B7100ACF034 /* RSGenerateOperation.m */,
				0003D8112DAA6B7100ACF034 /* RSSelectionLayer.h */,
				0003D8122DAA6B7100ACF034 /* RSSelectionLayer.m */,
				0003D80A2DAA6B7100ACF034 /* ANImageBitmapRep */,
			);
			path = ColorPickerClasses;
			sourceTree = "<group>";
		};
		0003D81E2DAA6B7100ACF034 /* 自定义取色板 */ = {
			isa = PBXGroup;
			children = (
				0003D7E92DAA6B7100ACF034 /* DSDetailColorBoard.h */,
				0003D7EA2DAA6B7100ACF034 /* DSDetailColorBoard.m */,
				0003D7EB2DAA6B7100ACF034 /* DSRGBAColorLabel.h */,
				0003D7EC2DAA6B7100ACF034 /* DSRGBAColorLabel.m */,
				0003D8372DAA6FE300ACF034 /* DSSliderBoard.h */,
				0003D8382DAA6FE300ACF034 /* DSSliderBoard.m */,
				0003D81C2DAA6B7100ACF034 /* SilderPlaceHolderView.h */,
				0003D81D2DAA6B7100ACF034 /* SilderPlaceHolderView.m */,
				0003D8182DAA6B7100ACF034 /* RSBrightnessSlider.h */,
				0003D8192DAA6B7100ACF034 /* RSBrightnessSlider.m */,
				0003D81A2DAA6B7100ACF034 /* RSOpacitySlider.h */,
				0003D81B2DAA6B7100ACF034 /* RSOpacitySlider.m */,
				0003D8172DAA6B7100ACF034 /* ColorPickerClasses */,
			);
			path = "自定义取色板";
			sourceTree = "<group>";
		};
		001AB93A2A9E0C5D00C09045 /* ThirdLib */ = {
			isa = PBXGroup;
			children = (
				00F96ED52F5176E100E6B0F8 /* SVProgressHUD */,
				0003D81E2DAA6B7100ACF034 /* 自定义取色板 */,
			);
			path = ThirdLib;
			sourceTree = "<group>";
		};
		009F1C692A94ABC1009C9FF4 /* Data */ = {
			isa = PBXGroup;
			children = (
				007F1CE32CF8E05600FC65A5 /* BgImageType.swift */,
				009F1C6C2A94B1B0009C9FF4 /* AnimationData.swift */,
				009F1DA62A984A21009C9FF4 /* AnimationStore.swift */,
			);
			path = Data;
			sourceTree = "<group>";
		};
		00F96ED52F5176E100E6B0F8 /* SVProgressHUD */ = {
			isa = PBXGroup;
			children = (
				00F96ECC2F5176E100E6B0F8 /* SVIndefiniteAnimatedView.h */,
				00F96ECD2F5176E100E6B0F8 /* SVIndefiniteAnimatedView.m */,
				00F96ECE2F5176E100E6B0F8 /* SVProgressAnimatedView.h */,
				00F96ECF2F5176E100E6B0F8 /* SVProgressAnimatedView.m */,
				00F96ED02F5176E100E6B0F8 /* SVProgressHUD.h */,
				00F96ED12F5176E100E6B0F8 /* SVProgressHUD.bundle */,
				00F96ED22F5176E100E6B0F8 /* SVProgressHUD.m */,
				00F96ED32F5176E100E6B0F8 /* SVRadialGradientLayer.h */,
				00F96ED42F5176E100E6B0F8 /* SVRadialGradientLayer.m */,
			);
			path = SVProgressHUD;
			sourceTree = "<group>";
		};
		1A64F9442A085DE7000F979B = {
			isa = PBXGroup;
			children = (
				1A880DB62A0B7AD800BE7F16 /* README.md */,
				1A64F94F2A085DE7000F979B /* AnimationPreviewer */,
				1A95CC3C2A093C56006E3102 /* MacPlugin */,
				1A64F94E2A085DE7000F979B /* Products */,
				81D4E3F0EE404DB1D36644DB /* Frameworks */,
			);
			sourceTree = "<group>";
		};
		1A64F94E2A085DE7000F979B /* Products */ = {
			isa = PBXGroup;
			children = (
				1A64F94D2A085DE7000F979B /* Animation Previewer.app */,
				1A95CC372A093B90006E3102 /* MacPlugin.bundle */,
			);
			name = Products;
			sourceTree = "<group>";
		};
		1A64F94F2A085DE7000F979B /* AnimationPreviewer */ = {
			isa = PBXGroup;
			children = (
				1A64F9502A085DE7000F979B /* AppDelegate.swift */,
				1A64F9522A085DE7000F979B /* SceneDelegate.swift */,
				1A95CC432A0985D7006E3102 /* MacChannel.swift */,
				009F1C692A94ABC1009C9FF4 /* Data */,
				1A880DB12A0B6C6300BE7F16 /* ViewController */,
				1A95CCD82A0A52DF006E3102 /* View */,
				1A95CC452A0A05D8006E3102 /* Neves */,
				001AB93A2A9E0C5D00C09045 /* ThirdLib */,
				1A95CD8B2A0AA346006E3102 /* Supporting Files */,
			);
			path = AnimationPreviewer;
			sourceTree = "<group>";
		};
		1A880DB12A0B6C6300BE7F16 /* ViewController */ = {
			isa = PBXGroup;
			children = (
				1A64F9542A085DE7000F979B /* ViewController.swift */,
				1A880DB22A0B6C7A00BE7F16 /* ViewController+Drop.swift */,
			);
			path = ViewController;
			sourceTree = "<group>";
		};
		1A95CC3C2A093C56006E3102 /* MacPlugin */ = {
			isa = PBXGroup;
			children = (
				1A95CC3E2A093C85006E3102 /* Channel.swift */,
				1A95CC402A097DC7006E3102 /* MacPlugin.swift */,
				1A95CC3D2A093C84006E3102 /* MacPlugin-Bridging-Header.h */,
			);
			path = MacPlugin;
			sourceTree = "<group>";
		};
		1A95CC452A0A05D8006E3102 /* Neves */ = {
			isa = PBXGroup;
			children = (
				1A95CC752A0A05D8006E3102 /* Const */,
				1A95CC5B2A0A05D8006E3102 /* Extension */,
				1A95CC6D2A0A05D8006E3102 /* Protocol */,
				1A95CC782A0A05D8006E3102 /* Tool */,
				1A95CC462A0A05D8006E3102 /* Unit */,
			);
			path = Neves;
			sourceTree = "<group>";
		};
		1A95CC462A0A05D8006E3102 /* Unit */ = {
			isa = PBXGroup;
			children = (
				1A95CC4A2A0A05D8006E3102 /* Buttons */,
				1A95CC472A0A05D8006E3102 /* Gradient */,
				1A95CC4C2A0A05D8006E3102 /* ImagePicker */,
			);
			path = Unit;
			sourceTree = "<group>";
		};
		1A95CC472A0A05D8006E3102 /* Gradient */ = {
			isa = PBXGroup;
			children = (
				1A95CC482A0A05D8006E3102 /* Gradientable.swift */,
				1A95CC492A0A05D8006E3102 /* GradientView.swift */,
			);
			path = Gradient;
			sourceTree = "<group>";
		};
		1A95CC4A2A0A05D8006E3102 /* Buttons */ = {
			isa = PBXGroup;
			children = (
				1A95CC4B2A0A05D8006E3102 /* Buttons.swift */,
			);
			path = Buttons;
			sourceTree = "<group>";
		};
		1A95CC4C2A0A05D8006E3102 /* ImagePicker */ = {
			isa = PBXGroup;
			children = (
				1A95CC4D2A0A05D8006E3102 /* ImagePickerObject.swift */,
				1A95CC4E2A0A05D8006E3102 /* ImagePicker.swift */,
				1A95CC4F2A0A05D8006E3102 /* ImagePicker.API.swift */,
			);
			path = ImagePicker;
			sourceTree = "<group>";
		};
		1A95CC5B2A0A05D8006E3102 /* Extension */ = {
			isa = PBXGroup;
			children = (
				1A95CC622A0A05D8006E3102 /* Bundle+.swift */,
				1A95CC5F2A0A05D8006E3102 /* Literal+.swift */,
				0003D83D2DAAAF1200ACF034 /* UIImage+.swift */,
				1A95CC672A0A05D8006E3102 /* UIColor+.swift */,
				1A95CC6B2A0A05D8006E3102 /* UIScreen+.swift */,
				1A95CC602A0A05D8006E3102 /* UIView+.swift */,
				0045DC022DA626CD00346866 /* URL+.swift */,
				009F1DA42A974291009C9FF4 /* Data+.swift */,
				001AB93B2A9EDEFF00C09045 /* UserDefaults+.swift */,
			);
			path = Extension;
			sourceTree = "<group>";
		};
		1A95CC6D2A0A05D8006E3102 /* Protocol */ = {
			isa = PBXGroup;
			children = (
				1A95CC702A0A05D8006E3102 /* Bindable.swift */,
				1A95CC712A0A05D8006E3102 /* Hookable.swift */,
				1A95CC6E2A0A05D8006E3102 /* JP.swift */,
			);
			path = Protocol;
			sourceTree = "<group>";
		};
		1A95CC752A0A05D8006E3102 /* Const */ = {
			isa = PBXGroup;
			children = (
				1A95CC772A0A05D8006E3102 /* Function.swift */,
			);
			path = Const;
			sourceTree = "<group>";
		};
		1A95CC782A0A05D8006E3102 /* Tool */ = {
			isa = PBXGroup;
			children = (
				1A95CD8A2A0AA298006E3102 /* VideoMaker */,
				1A95CC842A0A05D8006E3102 /* LottieImage */,
				1A95CC912A0A05D8006E3102 /* Asyncs.swift */,
				1A95CC8F2A0A05D8006E3102 /* Done.swift */,
				1A95CC882A0A05D8006E3102 /* File.swift */,
				1A95CC932A0A05D9006E3102 /* ScreenRotator.swift */,
				1A95CC792A0A05D8006E3102 /* UserDefault.swift */,
				001AB9382A9DC2F500C09045 /* JPProgressHUD.swift */,
			);
			path = Tool;
			sourceTree = "<group>";
		};
		1A95CC842A0A05D8006E3102 /* LottieImage */ = {
			isa = PBXGroup;
			children = (
				1A95CC862A0A05D8006E3102 /* DecodeImageProvider.swift */,
				1A95CC872A0A05D8006E3102 /* LottieImagePicker.swift */,
				1A95CC852A0A05D8006E3102 /* LottieImageStore.swift */,
			);
			path = LottieImage;
			sourceTree = "<group>";
		};
		1A95CCD82A0A52DF006E3102 /* View */ = {
			isa = PBXGroup;
			children = (
				1A95CD842A0AA1A6006E3102 /* AnimationPlayView.swift */,
				1A95CD862A0AA1B9006E3102 /* AnimationImageView.swift */,
			);
			path = View;
			sourceTree = "<group>";
		};
		1A95CD8A2A0AA298006E3102 /* VideoMaker */ = {
			isa = PBXGroup;
			children = (
				1A95CC8E2A0A05D8006E3102 /* VideoMaker+Image.swift */,
				1A95CC922A0A05D8006E3102 /* VideoMaker+ImageInfo.swift */,
				1A95CC8C2A0A05D8006E3102 /* VideoMaker+ImageTest.swift */,
				1A95CC7A2A0A05D8006E3102 /* VideoMaker+Layer.swift */,
				1A95CC7B2A0A05D8006E3102 /* VideoMaker+Lottie.swift */,
				0053162C2CF5BCA200EACB72 /* VideoMaker+SVGA.swift */,
				006398EB2CF71536005750C3 /* VideoMaker+GIF.swift */,
				1A95CC7C2A0A05D8006E3102 /* VideoMaker.swift */,
			);
			path = VideoMaker;
			sourceTree = "<group>";
		};
		1A95CD8B2A0AA346006E3102 /* Supporting Files */ = {
			isa = PBXGroup;
			children = (
				1A64F9642A085F9E000F979B /* AnimationPreviewer.entitlements */,
				1A95CD942A0B6134006E3102 /* background1.jpg */,
				1ADCAD7C2A9FA8B800D939FC /* background2.jpg */,
				1A64F9592A085DE9000F979B /* Assets.xcassets */,
				1A64F95E2A085DE9000F979B /* Info.plist */,
				1A64F95B2A085DE9000F979B /* LaunchScreen.storyboard */,
				1A64F9562A085DE7000F979B /* Main.storyboard */,
				1A64F9A62A08EF00000F979B /* AnimationPreviewer-Bridging-Header.h */,
			);
			name = "Supporting Files";
			sourceTree = "<group>";
		};
		81D4E3F0EE404DB1D36644DB /* Frameworks */ = {
			isa = PBXGroup;
			children = (
				E5D7A399D7C16BC354CD1DBF /* Pods_AnimationPreviewer.framework */,
			);
			name = Frameworks;
			sourceTree = "<group>";
		};
/* End PBXGroup section */

/* Begin PBXNativeTarget section */
		1A64F94C2A085DE7000F979B /* AnimationPreviewer */ = {
			isa = PBXNativeTarget;
			buildConfigurationList = 1A64F9612A085DE9000F979B /* Build configuration list for PBXNativeTarget "AnimationPreviewer" */;
			buildPhases = (
				1A64F9492A085DE7000F979B /* Sources */,
				1A64F94A2A085DE7000F979B /* Frameworks */,
				1A64F94B2A085DE7000F979B /* Resources */,
				1A95CC1D2A0932D1006E3102 /* Embed PlugIns */,
				004CA8D82F753D2F004A6616 /* Embed Frameworks */,
			);
			buildRules = (
			);
			dependencies = (
			);
			name = AnimationPreviewer;
			productName = LottiePreviewer;
			productReference = 1A64F94D2A085DE7000F979B /* Animation Previewer.app */;
			productType = "com.apple.product-type.application";
		};
		1A95CC362A093B90006E3102 /* MacPlugin */ = {
			isa = PBXNativeTarget;
			buildConfigurationList = 1A95CC382A093B91006E3102 /* Build configuration list for PBXNativeTarget "MacPlugin" */;
			buildPhases = (
				1A95CC332A093B90006E3102 /* Sources */,
				1A95CC342A093B90006E3102 /* Frameworks */,
				1A95CC352A093B90006E3102 /* Resources */,
			);
			buildRules = (
			);
			dependencies = (
			);
			name = MacPlugin;
			productName = MacPlugin;
			productReference = 1A95CC372A093B90006E3102 /* MacPlugin.bundle */;
			productType = "com.apple.product-type.bundle";
		};
/* End PBXNativeTarget section */

/* Begin PBXProject section */
		1A64F9452A085DE7000F979B /* Project object */ = {
			isa = PBXProject;
			attributes = {
				BuildIndependentTargetsInParallel = 1;
				LastSwiftUpdateCheck = 1430;
				LastUpgradeCheck = 1430;
				TargetAttributes = {
					1A64F94C2A085DE7000F979B = {
						CreatedOnToolsVersion = 14.3;
						LastSwiftMigration = 1430;
					};
					1A95CC362A093B90006E3102 = {
						CreatedOnToolsVersion = 14.3;
						LastSwiftMigration = 1430;
					};
				};
			};
			buildConfigurationList = 1A64F9482A085DE7000F979B /* Build configuration list for PBXProject "AnimationPreviewer" */;
			compatibilityVersion = "Xcode 14.0";
			developmentRegion = en;
			hasScannedForEncodings = 0;
			knownRegions = (
				en,
				Base,
			);
			mainGroup = 1A64F9442A085DE7000F979B;
			packageReferences = (
				00F96EB52F506D7700E6B0F8 /* XCRemoteSwiftPackageReference "SVGAPlayer_Optimized" */,
				00F96EC52F516D6600E6B0F8 /* XCRemoteSwiftPackageReference "SnapKit" */,
				004CA8D22F753B77004A6616 /* XCRemoteSwiftPackageReference "lottie-ios" */,
			);
			productRefGroup = 1A64F94E2A085DE7000F979B /* Products */;
			projectDirPath = "";
			projectRoot = "";
			targets = (
				1A64F94C2A085DE7000F979B /* AnimationPreviewer */,
				1A95CC362A093B90006E3102 /* MacPlugin */,
			);
		};
/* End PBXProject section */

/* Begin PBXResourcesBuildPhase section */
		1A64F94B2A085DE7000F979B /* Resources */ = {
			isa = PBXResourcesBuildPhase;
			buildActionMask = 2147483647;
			files = (
				1A64F95D2A085DE9000F979B /* LaunchScreen.storyboard in Resources */,
				00F96ED62F5176E100E6B0F8 /* SVProgressHUD.bundle in Resources */,
				1A95CD952A0B6134006E3102 /* background1.jpg in Resources */,
				1A64F95A2A085DE9000F979B /* Assets.xcassets in Resources */,
				1ADCAD7D2A9FA8B800D939FC /* background2.jpg in Resources */,
				1A64F9582A085DE7000F979B /* Main.storyboard in Resources */,
			);
			runOnlyForDeploymentPostprocessing = 0;
		};
		1A95CC352A093B90006E3102 /* Resources */ = {
			isa = PBXResourcesBuildPhase;
			buildActionMask = 2147483647;
			files = (
				001AB93D2A9F1C9800C09045 /* Assets.xcassets in Resources */,
			);
			runOnlyForDeploymentPostprocessing = 0;
		};
/* End PBXResourcesBuildPhase section */

/* Begin PBXSourcesBuildPhase section */
		1A64F9492A085DE7000F979B /* Sources */ = {
			isa = PBXSourcesBuildPhase;
			buildActionMask = 2147483647;
			files = (
				1A95CC982A0A05D9006E3102 /* ImagePickerObject.swift in Sources */,
				1A95CCD12A0A05D9006E3102 /* Asyncs.swift in Sources */,
				00F96ED72F5176E100E6B0F8 /* SVProgressHUD.m in Sources */,
				00F96ED82F5176E100E6B0F8 /* SVProgressAnimatedView.m in Sources */,
				00F96ED92F5176E100E6B0F8 /* SVRadialGradientLayer.m in Sources */,
				00F96EDA2F5176E100E6B0F8 /* SVIndefiniteAnimatedView.m in Sources */,
				1A95CCBC2A0A05D9006E3102 /* Function.swift in Sources */,
				1A95CCA72A0A05D9006E3102 /* UIView+.swift in Sources */,
				1A880DB32A0B6C7A00BE7F16 /* ViewController+Drop.swift in Sources */,
				0053162D2CF5BCA200EACB72 /* VideoMaker+SVGA.swift in Sources */,
				1A95CC972A0A05D9006E3102 /* Buttons.swift in Sources */,
				1A95CCAE2A0A05D9006E3102 /* UIColor+.swift in Sources */,
				0003D81F2DAA6B7100ACF034 /* DSDetailColorBoard.m in Sources */,
				0003D8202DAA6B7100ACF034 /* BitmapCropManipulator.m in Sources */,
				0003D8212DAA6B7100ACF034 /* BitmapDrawManipulator.m in Sources */,
				0003D8222DAA6B7100ACF034 /* CGContextCreator.m in Sources */,
				0003D8242DAA6B7100ACF034 /* BitmapContextManipulator.m in Sources */,
				0003D8252DAA6B7100ACF034 /* ANImageBitmapRep.m in Sources */,
				0003D8262DAA6B7100ACF034 /* RSOpacitySlider.m in Sources */,
				0003D8272DAA6B7100ACF034 /* RSSelectionLayer.m in Sources */,
				0003D8282DAA6B7100ACF034 /* BGRSLoupeLayer.m in Sources */,
				0003D8292DAA6B7100ACF034 /* RSColorPickerView.m in Sources */,
				0003D82A2DAA6B7100ACF034 /* NSImage+ANImageBitmapRep.m in Sources */,
				0003D82B2DAA6B7100ACF034 /* RSBrightnessSlider.m in Sources */,
				0003D82C2DAA6B7100ACF034 /* UIImage+ANImageBitmapRep.m in Sources */,
				0003D82D2DAA6B7100ACF034 /* RSColorPickerState.m in Sources */,
				0003D82E2DAA6B7100ACF034 /* CGImageContainer.m in Sources */,
				0003D82F2DAA6B7100ACF034 /* DSRGBAColorLabel.m in Sources */,
				0003D8302DAA6B7100ACF034 /* BitmapScaleManipulator.m in Sources */,
				0003D8312DAA6B7100ACF034 /* BitmapContextRep.m in Sources */,
				0003D8322DAA6B7100ACF034 /* BitmapRotationManipulator.m in Sources */,
				0003D8332DAA6B7100ACF034 /* SilderPlaceHolderView.m in Sources */,
				0003D8342DAA6B7100ACF034 /* OSCommonImage.m in Sources */,
				0003D8352DAA6B7100ACF034 /* RSGenerateOperation.m in Sources */,
				0003D8362DAA6B7100ACF034 /* RSColorFunctions.m in Sources */,
				1A95CC422A097E24006E3102 /* Channel.swift in Sources */,
				1A95CCCF2A0A05D9006E3102 /* Done.swift in Sources */,
				1A95CCBE2A0A05D9006E3102 /* VideoMaker+Layer.swift in Sources */,
				1A95CC992A0A05D9006E3102 /* ImagePicker.swift in Sources */,
				001AB9392A9DC2F500C09045 /* JPProgressHUD.swift in Sources */,
				0045DC032DA626CD00346866 /* URL+.swift in Sources */,
				1A95CD872A0AA1B9006E3102 /* AnimationImageView.swift in Sources */,
				1A95CCD32A0A05D9006E3102 /* ScreenRotator.swift in Sources */,
				1A95CCCC2A0A05D9006E3102 /* VideoMaker+ImageTest.swift in Sources */,
				1A95CC952A0A05D9006E3102 /* Gradientable.swift in Sources */,
				1A95CC9A2A0A05D9006E3102 /* ImagePicker.API.swift in Sources */,
				1A95CCC92A0A05D9006E3102 /* File.swift in Sources */,
				1A95CCBD2A0A05D9006E3102 /* UserDefault.swift in Sources */,
				1A95CCB62A0A05D9006E3102 /* Bindable.swift in Sources */,
				1A95CD852A0AA1A6006E3102 /* AnimationPlayView.swift in Sources */,
				1A64F9552A085DE7000F979B /* ViewController.swift in Sources */,
				0003D8392DAA6FE300ACF034 /* DSSliderBoard.m in Sources */,
				1A95CCA92A0A05D9006E3102 /* Bundle+.swift in Sources */,
				001AB93C2A9EDEFF00C09045 /* UserDefaults+.swift in Sources */,
				1A64F9512A085DE7000F979B /* AppDelegate.swift in Sources */,
				1A95CCBF2A0A05D9006E3102 /* VideoMaker+Lottie.swift in Sources */,
				009F1DA72A984A21009C9FF4 /* AnimationStore.swift in Sources */,
				1A95CC442A0985D7006E3102 /* MacChannel.swift in Sources */,
				006398EC2CF71536005750C3 /* VideoMaker+GIF.swift in Sources */,
				1A95CCB42A0A05D9006E3102 /* JP.swift in Sources */,
				1A95CCB72A0A05D9006E3102 /* Hookable.swift in Sources */,
				1A95CC962A0A05D9006E3102 /* GradientView.swift in Sources */,
				1A95CCD22A0A05D9006E3102 /* VideoMaker+ImageInfo.swift in Sources */,
				1A95CCC82A0A05D9006E3102 /* LottieImagePicker.swift in Sources */,
				1A95CCC02A0A05D9006E3102 /* VideoMaker.swift in Sources */,
				0003D83E2DAAAF1200ACF034 /* UIImage+.swift in Sources */,
				1A95CCA62A0A05D9006E3102 /* Literal+.swift in Sources */,
				1A95CCB22A0A05D9006E3102 /* UIScreen+.swift in Sources */,
				009F1C6D2A94B1B0009C9FF4 /* AnimationData.swift in Sources */,
				1A95CCC72A0A05D9006E3102 /* DecodeImageProvider.swift in Sources */,
				1A95CCC62A0A05D9006E3102 /* LottieImageStore.swift in Sources */,
				009F1DA52A974291009C9FF4 /* Data+.swift in Sources */,
				1A95CCCE2A0A05D9006E3102 /* VideoMaker+Image.swift in Sources */,
				1A64F9532A085DE7000F979B /* SceneDelegate.swift in Sources */,
				007F1CE42CF8E05600FC65A5 /* BgImageType.swift in Sources */,
			);
			runOnlyForDeploymentPostprocessing = 0;
		};
		1A95CC332A093B90006E3102 /* Sources */ = {
			isa = PBXSourcesBuildPhase;
			buildActionMask = 2147483647;
			files = (
				1A95CC412A097DC8006E3102 /* MacPlugin.swift in Sources */,
				1A95CC3F2A093C85006E3102 /* Channel.swift in Sources */,
			);
			runOnlyForDeploymentPostprocessing = 0;
		};
/* End PBXSourcesBuildPhase section */

/* Begin PBXVariantGroup section */
		1A64F9562A085DE7000F979B /* Main.storyboard */ = {
			isa = PBXVariantGroup;
			children = (
				1A64F9572A085DE7000F979B /* Base */,
			);
			name = Main.storyboard;
			sourceTree = "<group>";
		};
		1A64F95B2A085DE9000F979B /* LaunchScreen.storyboard */ = {
			isa = PBXVariantGroup;
			children = (
				1A64F95C2A085DE9000F979B /* Base */,
			);
			name = LaunchScreen.storyboard;
			sourceTree = "<group>";
		};
/* End PBXVariantGroup section */

/* Begin XCBuildConfiguration section */
		1A64F95F2A085DE9000F979B /* Debug */ = {
			isa = XCBuildConfiguration;
			buildSettings = {
				ALWAYS_SEARCH_USER_PATHS = NO;
				CLANG_ANALYZER_NONNULL = YES;
				CLANG_ANALYZER_NUMBER_OBJECT_CONVERSION = YES_AGGRESSIVE;
				CLANG_CXX_LANGUAGE_STANDARD = "gnu++20";
				CLANG_ENABLE_MODULES = YES;
				CLANG_ENABLE_OBJC_ARC = YES;
				CLANG_ENABLE_OBJC_WEAK = YES;
				CLANG_WARN_BLOCK_CAPTURE_AUTORELEASING = YES;
				CLANG_WARN_BOOL_CONVERSION = YES;
				CLANG_WARN_COMMA = YES;
				CLANG_WARN_CONSTANT_CONVERSION = YES;
				CLANG_WARN_DEPRECATED_OBJC_IMPLEMENTATIONS = YES;
				CLANG_WARN_DIRECT_OBJC_ISA_USAGE = YES_ERROR;
				CLANG_WARN_DOCUMENTATION_COMMENTS = YES;
				CLANG_WARN_EMPTY_BODY = YES;
				CLANG_WARN_ENUM_CONVERSION = YES;
				CLANG_WARN_INFINITE_RECURSION = YES;
				CLANG_WARN_INT_CONVERSION = YES;
				CLANG_WARN_NON_LITERAL_NULL_CONVERSION = YES;
				CLANG_WARN_OBJC_IMPLICIT_RETAIN_SELF = YES;
				CLANG_WARN_OBJC_LITERAL_CONVERSION = YES;
				CLANG_WARN_OBJC_ROOT_CLASS = YES_ERROR;
				CLANG_WARN_QUOTED_INCLUDE_IN_FRAMEWORK_HEADER = YES;
				CLANG_WARN_RANGE_LOOP_ANALYSIS = YES;
				CLANG_WARN_STRICT_PROTOTYPES = YES;
				CLANG_WARN_SUSPICIOUS_MOVE = YES;
				CLANG_WARN_UNGUARDED_AVAILABILITY = YES_AGGRESSIVE;
				CLANG_WARN_UNREACHABLE_CODE = YES;
				CLANG_WARN__DUPLICATE_METHOD_MATCH = YES;
				COPY_PHASE_STRIP = NO;
				DEBUG_INFORMATION_FORMAT = dwarf;
				ENABLE_STRICT_OBJC_MSGSEND = YES;
				ENABLE_TESTABILITY = YES;
				GCC_C_LANGUAGE_STANDARD = gnu11;
				GCC_DYNAMIC_NO_PIC = NO;
				GCC_NO_COMMON_BLOCKS = YES;
				GCC_OPTIMIZATION_LEVEL = 0;
				GCC_PREPROCESSOR_DEFINITIONS = (
					"DEBUG=1",
					"$(inherited)",
				);
				GCC_WARN_64_TO_32_BIT_CONVERSION = YES;
				GCC_WARN_ABOUT_RETURN_TYPE = YES_ERROR;
				GCC_WARN_UNDECLARED_SELECTOR = YES;
				GCC_WARN_UNINITIALIZED_AUTOS = YES_AGGRESSIVE;
				GCC_WARN_UNUSED_FUNCTION = YES;
				GCC_WARN_UNUSED_VARIABLE = YES;
				IPHONEOS_DEPLOYMENT_TARGET = 16.4;
				MTL_ENABLE_DEBUG_INFO = INCLUDE_SOURCE;
				MTL_FAST_MATH = YES;
				ONLY_ACTIVE_ARCH = YES;
				SDKROOT = iphoneos;
				SWIFT_ACTIVE_COMPILATION_CONDITIONS = DEBUG;
				SWIFT_OPTIMIZATION_LEVEL = "-Onone";
			};
			name = Debug;
		};
		1A64F9602A085DE9000F979B /* Release */ = {
			isa = XCBuildConfiguration;
			buildSettings = {
				ALWAYS_SEARCH_USER_PATHS = NO;
				CLANG_ANALYZER_NONNULL = YES;
				CLANG_ANALYZER_NUMBER_OBJECT_CONVERSION = YES_AGGRESSIVE;
				CLANG_CXX_LANGUAGE_STANDARD = "gnu++20";
				CLANG_ENABLE_MODULES = YES;
				CLANG_ENABLE_OBJC_ARC = YES;
				CLANG_ENABLE_OBJC_WEAK = YES;
				CLANG_WARN_BLOCK_CAPTURE_AUTORELEASING = YES;
				CLANG_WARN_BOOL_CONVERSION = YES;
				CLANG_WARN_COMMA = YES;
				CLANG_WARN_CONSTANT_CONVERSION = YES;
				CLANG_WARN_DEPRECATED_OBJC_IMPLEMENTATIONS = YES;
				CLANG_WARN_DIRECT_OBJC_ISA_USAGE = YES_ERROR;
				CLANG_WARN_DOCUMENTATION_COMMENTS = YES;
				CLANG_WARN_EMPTY_BODY = YES;
				CLANG_WARN_ENUM_CONVERSION = YES;
				CLANG_WARN_INFINITE_RECURSION = YES;
				CLANG_WARN_INT_CONVERSION = YES;
				CLANG_WARN_NON_LITERAL_NULL_CONVERSION = YES;
				CLANG_WARN_OBJC_IMPLICIT_RETAIN_SELF = YES;
				CLANG_WARN_OBJC_LITERAL_CONVERSION = YES;
				CLANG_WARN_OBJC_ROOT_CLASS = YES_ERROR;
				CLANG_WARN_QUOTED_INCLUDE_IN_FRAMEWORK_HEADER = YES;
				CLANG_WARN_RANGE_LOOP_ANALYSIS = YES;
				CLANG_WARN_STRICT_PROTOTYPES = YES;
				CLANG_WARN_SUSPICIOUS_MOVE = YES;
				CLANG_WARN_UNGUARDED_AVAILABILITY = YES_AGGRESSIVE;
				CLANG_WARN_UNREACHABLE_CODE = YES;
				CLANG_WARN__DUPLICATE_METHOD_MATCH = YES;
				COPY_PHASE_STRIP = NO;
				DEBUG_INFORMATION_FORMAT = "dwarf-with-dsym";
				ENABLE_NS_ASSERTIONS = NO;
				ENABLE_STRICT_OBJC_MSGSEND = YES;
				GCC_C_LANGUAGE_STANDARD = gnu11;
				GCC_NO_COMMON_BLOCKS = YES;
				GCC_WARN_64_TO_32_BIT_CONVERSION = YES;
				GCC_WARN_ABOUT_RETURN_TYPE = YES_ERROR;
				GCC_WARN_UNDECLARED_SELECTOR = YES;
				GCC_WARN_UNINITIALIZED_AUTOS = YES_AGGRESSIVE;
				GCC_WARN_UNUSED_FUNCTION = YES;
				GCC_WARN_UNUSED_VARIABLE = YES;
				IPHONEOS_DEPLOYMENT_TARGET = 16.4;
				MTL_ENABLE_DEBUG_INFO = NO;
				MTL_FAST_MATH = YES;
				SDKROOT = iphoneos;
				SWIFT_COMPILATION_MODE = wholemodule;
				SWIFT_OPTIMIZATION_LEVEL = "-O";
				VALIDATE_PRODUCT = YES;
			};
			name = Release;
		};
		1A64F9622A085DE9000F979B /* Debug */ = {
			isa = XCBuildConfiguration;
			buildSettings = {
				ALWAYS_EMBED_SWIFT_STANDARD_LIBRARIES = YES;
				ASSETCATALOG_COMPILER_APPICON_NAME = AppIcon;
				ASSETCATALOG_COMPILER_GLOBAL_ACCENT_COLOR_NAME = AccentColor;
				ASSETCATALOG_COMPILER_INCLUDE_ALL_APPICON_ASSETS = YES;
				CLANG_ENABLE_MODULES = YES;
				CODE_SIGN_ENTITLEMENTS = AnimationPreviewer/AnimationPreviewer.entitlements;
				CODE_SIGN_IDENTITY = "Apple Development";
				CODE_SIGN_STYLE = Automatic;
				CURRENT_PROJECT_VERSION = 1;
				DEVELOPMENT_TEAM = FH4WHYK8ZQ;
				GENERATE_INFOPLIST_FILE = YES;
				INFOPLIST_FILE = AnimationPreviewer/Info.plist;
				INFOPLIST_KEY_UIApplicationSupportsIndirectInputEvents = YES;
				INFOPLIST_KEY_UILaunchStoryboardName = LaunchScreen;
				INFOPLIST_KEY_UIMainStoryboardFile = Main;
				INFOPLIST_KEY_UISupportedInterfaceOrientations_iPad = "UIInterfaceOrientationPortrait UIInterfaceOrientationPortraitUpsideDown UIInterfaceOrientationLandscapeLeft UIInterfaceOrientationLandscapeRight";
				INFOPLIST_KEY_UISupportedInterfaceOrientations_iPhone = "UIInterfaceOrientationPortrait UIInterfaceOrientationLandscapeLeft UIInterfaceOrientationLandscapeRight";
				IPHONEOS_DEPLOYMENT_TARGET = 15.6;
				LD_RUNPATH_SEARCH_PATHS = (
					"$(inherited)",
					"@executable_path/Frameworks",
				);
				MARKETING_VERSION = 1.0;
				PRODUCT_BUNDLE_IDENTIFIER = zhoujianping.AnimationPreviewer;
				PRODUCT_NAME = "Animation Previewer";
				PROVISIONING_PROFILE_SPECIFIER = "";
				SUPPORTED_PLATFORMS = "iphoneos iphonesimulator";
				SUPPORTS_MACCATALYST = YES;
				SUPPORTS_MAC_DESIGNED_FOR_IPHONE_IPAD = NO;
				SUPPORTS_XR_DESIGNED_FOR_IPHONE_IPAD = NO;
				SWIFT_EMIT_LOC_STRINGS = YES;
				SWIFT_OBJC_BRIDGING_HEADER = "AnimationPreviewer/AnimationPreviewer-Bridging-Header.h";
				SWIFT_OPTIMIZATION_LEVEL = "-Onone";
				SWIFT_VERSION = 5.0;
				TARGETED_DEVICE_FAMILY = 2;
			};
			name = Debug;
		};
		1A64F9632A085DE9000F979B /* Release */ = {
			isa = XCBuildConfiguration;
			buildSettings = {
				ALWAYS_EMBED_SWIFT_STANDARD_LIBRARIES = YES;
				ASSETCATALOG_COMPILER_APPICON_NAME = AppIcon;
				ASSETCATALOG_COMPILER_GLOBAL_ACCENT_COLOR_NAME = AccentColor;
				ASSETCATALOG_COMPILER_INCLUDE_ALL_APPICON_ASSETS = YES;
				CLANG_ENABLE_MODULES = YES;
				CODE_SIGN_ENTITLEMENTS = AnimationPreviewer/AnimationPreviewer.entitlements;
				CODE_SIGN_IDENTITY = "Apple Development";
				CODE_SIGN_STYLE = Automatic;
				CURRENT_PROJECT_VERSION = 1;
				DEVELOPMENT_TEAM = FH4WHYK8ZQ;
				GENERATE_INFOPLIST_FILE = YES;
				INFOPLIST_FILE = AnimationPreviewer/Info.plist;
				INFOPLIST_KEY_UIApplicationSupportsIndirectInputEvents = YES;
				INFOPLIST_KEY_UILaunchStoryboardName = LaunchScreen;
				INFOPLIST_KEY_UIMainStoryboardFile = Main;
				INFOPLIST_KEY_UISupportedInterfaceOrientations_iPad = "UIInterfaceOrientationPortrait UIInterfaceOrientationPortraitUpsideDown UIInterfaceOrientationLandscapeLeft UIInterfaceOrientationLandscapeRight";
				INFOPLIST_KEY_UISupportedInterfaceOrientations_iPhone = "UIInterfaceOrientationPortrait UIInterfaceOrientationLandscapeLeft UIInterfaceOrientationLandscapeRight";
				IPHONEOS_DEPLOYMENT_TARGET = 15.6;
				LD_RUNPATH_SEARCH_PATHS = (
					"$(inherited)",
					"@executable_path/Frameworks",
				);
				MARKETING_VERSION = 1.0;
				PRODUCT_BUNDLE_IDENTIFIER = zhoujianping.AnimationPreviewer;
				PRODUCT_NAME = "Animation Previewer";
				PROVISIONING_PROFILE_SPECIFIER = "";
				SUPPORTED_PLATFORMS = "iphoneos iphonesimulator";
				SUPPORTS_MACCATALYST = YES;
				SUPPORTS_MAC_DESIGNED_FOR_IPHONE_IPAD = NO;
				SUPPORTS_XR_DESIGNED_FOR_IPHONE_IPAD = NO;
				SWIFT_EMIT_LOC_STRINGS = YES;
				SWIFT_OBJC_BRIDGING_HEADER = "AnimationPreviewer/AnimationPreviewer-Bridging-Header.h";
				SWIFT_VERSION = 5.0;
				TARGETED_DEVICE_FAMILY = 2;
			};
			name = Release;
		};
		1A95CC392A093B91006E3102 /* Debug */ = {
			isa = XCBuildConfiguration;
			buildSettings = {
				CLANG_ENABLE_MODULES = YES;
				CODE_SIGN_IDENTITY = "Apple Development";
				CODE_SIGN_STYLE = Automatic;
				COMBINE_HIDPI_IMAGES = YES;
				CURRENT_PROJECT_VERSION = 1;
				DEAD_CODE_STRIPPING = YES;
				DEVELOPMENT_TEAM = FH4WHYK8ZQ;
				GENERATE_INFOPLIST_FILE = YES;
				INFOPLIST_KEY_NSHumanReadableCopyright = "";
				INFOPLIST_KEY_NSPrincipalClass = "";
				INSTALL_PATH = "$(LOCAL_LIBRARY_DIR)/Bundles";
				MACOSX_DEPLOYMENT_TARGET = 12.0;
				MARKETING_VERSION = 1.0;
				PRODUCT_BUNDLE_IDENTIFIER = zhoujianping.MacPlugin;
				PRODUCT_NAME = "$(TARGET_NAME)";
				PROVISIONING_PROFILE_SPECIFIER = "";
				SDKROOT = macosx;
				SKIP_INSTALL = YES;
				SWIFT_EMIT_LOC_STRINGS = YES;
				SWIFT_OBJC_BRIDGING_HEADER = "MacPlugin/MacPlugin-Bridging-Header.h";
				SWIFT_OPTIMIZATION_LEVEL = "-Onone";
				SWIFT_VERSION = 5.0;
				WRAPPER_EXTENSION = bundle;
			};
			name = Debug;
		};
		1A95CC3A2A093B91006E3102 /* Release */ = {
			isa = XCBuildConfiguration;
			buildSettings = {
				CLANG_ENABLE_MODULES = YES;
				CODE_SIGN_IDENTITY = "Apple Development";
				CODE_SIGN_STYLE = Automatic;
				COMBINE_HIDPI_IMAGES = YES;
				CURRENT_PROJECT_VERSION = 1;
				DEAD_CODE_STRIPPING = YES;
				DEVELOPMENT_TEAM = FH4WHYK8ZQ;
				GENERATE_INFOPLIST_FILE = YES;
				INFOPLIST_KEY_NSHumanReadableCopyright = "";
				INFOPLIST_KEY_NSPrincipalClass = "";
				INSTALL_PATH = "$(LOCAL_LIBRARY_DIR)/Bundles";
				MACOSX_DEPLOYMENT_TARGET = 12.0;
				MARKETING_VERSION = 1.0;
				PRODUCT_BUNDLE_IDENTIFIER = zhoujianping.MacPlugin;
				PRODUCT_NAME = "$(TARGET_NAME)";
				PROVISIONING_PROFILE_SPECIFIER = "";
				SDKROOT = macosx;
				SKIP_INSTALL = YES;
				SWIFT_EMIT_LOC_STRINGS = YES;
				SWIFT_OBJC_BRIDGING_HEADER = "MacPlugin/MacPlugin-Bridging-Header.h";
				SWIFT_VERSION = 5.0;
				WRAPPER_EXTENSION = bundle;
			};
			name = Release;
		};
/* End XCBuildConfiguration section */

/* Begin XCConfigurationList section */
		1A64F9482A085DE7000F979B /* Build configuration list for PBXProject "AnimationPreviewer" */ = {
			isa = XCConfigurationList;
			buildConfigurations = (
				1A64F95F2A085DE9000F979B /* Debug */,
				1A64F9602A085DE9000F979B /* Release */,
			);
			defaultConfigurationIsVisible = 0;
			defaultConfigurationName = Release;
		};
		1A64F9612A085DE9000F979B /* Build configuration list for PBXNativeTarget "AnimationPreviewer" */ = {
			isa = XCConfigurationList;
			buildConfigurations = (
				1A64F9622A085DE9000F979B /* Debug */,
				1A64F9632A085DE9000F979B /* Release */,
			);
			defaultConfigurationIsVisible = 0;
			defaultConfigurationName = Release;
		};
		1A95CC382A093B91006E3102 /* Build configuration list for PBXNativeTarget "MacPlugin" */ = {
			isa = XCConfigurationList;
			buildConfigurations = (
				1A95CC392A093B91006E3102 /* Debug */,
				1A95CC3A2A093B91006E3102 /* Release */,
			);
			defaultConfigurationIsVisible = 0;
			defaultConfigurationName = Release;
		};
/* End XCConfigurationList section */

/* Begin XCRemoteSwiftPackageReference section */
		004CA8D22F753B77004A6616 /* XCRemoteSwiftPackageReference "lottie-ios" */ = {
			isa = XCRemoteSwiftPackageReference;
			repositoryURL = "https://github.com/Rogue24/lottie-ios.git";
			requirement = {
				branch = JP_4.6.1;
				kind = branch;
			};
		};
		00F96EAC2F504CCE00E6B0F8 /* XCRemoteSwiftPackageReference "SVGAPlayer_Optimized" */ = {
			isa = XCRemoteSwiftPackageReference;
			repositoryURL = "https://github.com/Rogue24/SVGAPlayer_Optimized.git";
			requirement = {
				branch = SPM;
				kind = branch;
			};
		};
		00F96EB52F506D7700E6B0F8 /* XCRemoteSwiftPackageReference "SVGAPlayer_Optimized" */ = {
			isa = XCRemoteSwiftPackageReference;
			repositoryURL = "https://github.com/Rogue24/SVGAPlayer_Optimized.git";
			requirement = {
				branch = SPM;
				kind = branch;
			};
		};
		00F96EC52F516D6600E6B0F8 /* XCRemoteSwiftPackageReference "SnapKit" */ = {
			isa = XCRemoteSwiftPackageReference;
			repositoryURL = "https://github.com/SnapKit/SnapKit.git";
			requirement = {
				kind = upToNextMajorVersion;
				minimumVersion = 5.0.1;
			};
		};
/* End XCRemoteSwiftPackageReference section */

/* Begin XCSwiftPackageProductDependency section */
		004CA8D32F753CED004A6616 /* Lottie */ = {
			isa = XCSwiftPackageProductDependency;
			package = 004CA8D22F753B77004A6616 /* XCRemoteSwiftPackageReference "lottie-ios" */;
			productName = Lottie;
		};
		00F96EAD2F504CCE00E6B0F8 /* SVGAPlayer_Optimized */ = {
			isa = XCSwiftPackageProductDependency;
			package = 00F96EAC2F504CCE00E6B0F8 /* XCRemoteSwiftPackageReference "SVGAPlayer_Optimized" */;
			productName = SVGAPlayer_Optimized;
		};
		00F96EC62F516D6600E6B0F8 /* SnapKit */ = {
			isa = XCSwiftPackageProductDependency;
			package = 00F96EC52F516D6600E6B0F8 /* XCRemoteSwiftPackageReference "SnapKit" */;
			productName = SnapKit;
		};
/* End XCSwiftPackageProductDependency section */
	};
	rootObject = 1A64F9452A085DE7000F979B /* Project object */;
}
