{
  "originHash" : "ffd0bb1ce691484524e44e1bec22be8066d24795c7441a4ab4b0d13ee23024cf",
  "pins" : [
    {
      "identity" : "snapkit",
      "kind" : "remoteSourceControl",
      "location" : "https://github.com/SnapKit/SnapKit.git",
      "state" : {
        "revision" : "f222cbdf325885926566172f6f5f06af95473158",
        "version" : "5.6.0"
      }
    },
    {
      "identity" : "svgaplayer-ios",
      "kind" : "remoteSourceControl",
      "location" : "https://github.com/Rogue24/SVGAPlayer-iOS.git",
      "state" : {
        "branch" : "SPM",
        "revision" : "0c03484ddb17aa53363f38ff7c8beb42308b97bc"
      }
    },
    {
      "identity" : "svgaplayer_optimized",
      "kind" : "remoteSourceControl",
      "location" : "https://github.com/Rogue24/SVGAPlayer_Optimized.git",
      "state" : {
        "branch" : "SPM",
        "revision" : "87050486d00b52c820ecd2985d8cca27694eba84"
      }
    },
    {
      "identity" : "ziparchive",
      "kind" : "remoteSourceControl",
      "location" : "https://github.com/ZipArchive/ZipArchive.git",
      "state" : {
        "revision" : "df35718ea19a94e015b91dc4881dee028ce4cdba",
        "version" : "2.6.0"
      }
    }
  ],
  "version" : 3
}
