{
  "originHash" : "07334c9f2a62942f06fdb88bf8ccb8b4145823e617ed1af35d12215cee37e47c",
  "pins" : [
    {
      "identity" : "lottie-ios",
      "kind" : "remoteSourceControl",
      "location" : "https://github.com/Rogue24/lottie-ios.git",
      "state" : {
        "branch" : "JP_4.6.1.1",
        "revision" : "af0a57e9b148a83aaadf86570431dfc2bdbcb031"
      }
    },
    {
      "identity" : "snapkit",
      "kind" : "remoteSourceControl",
      "location" : "https://github.com/SnapKit/SnapKit.git",
      "state" : {
        "revision" : "2842e6e84e82eb9a8dac0100ca90d9444b0307f4",
        "version" : "5.7.1"
      }
    },
    {
      "identity" : "svgaplayer-ios",
      "kind" : "remoteSourceControl",
      "location" : "https://github.com/Rogue24/SVGAPlayer-iOS.git",
      "state" : {
        "branch" : "SPM",
        "revision" : "8aa6c710cf0cc4a2c42cc4b556df8ebab92389a1"
      }
    },
    {
      "identity" : "svgaplayer_optimized",
      "kind" : "remoteSourceControl",
      "location" : "https://github.com/Rogue24/SVGAPlayer_Optimized.git",
      "state" : {
        "branch" : "SPM",
        "revision" : "e4fc092dd8d5c05e90d42014ecd7b58c2c239604"
      }
    },
    {
      "identity" : "ziparchive",
      "kind" : "remoteSourceControl",
      "location" : "https://github.com/ZipArchive/ZipArchive.git",
      "state" : {
        "revision" : "df35718ea19a94e015b91dc4881dee028ce4cdba",
        "version" : "2.6.0"
      }
    }
  ],
  "version" : 3
}
