{
  "originHash" : "ec55f0fc60bff4e0aa6dac3bf13810eb298b86d9f168a7aa6600408b8cc457d4",
  "pins" : [
    {
      "identity" : "lottie-ios",
      "kind" : "remoteSourceControl",
      "location" : "https://github.com/Rogue24/lottie-ios.git",
      "state" : {
        "branch" : "JP_4.6.1",
        "revision" : "06b46283c4de661c84bdba325d2be7b39bff7447"
      }
    },
    {
      "identity" : "snapkit",
      "kind" : "remoteSourceControl",
      "location" : "https://github.com/SnapKit/SnapKit.git",
      "state" : {
        "revision" : "f222cbdf325885926566172f6f5f06af95473158",
        "version" : "5.6.0"
      }
    },
    {
      "identity" : "svgaplayer-ios",
      "kind" : "remoteSourceControl",
      "location" : "https://github.com/Rogue24/SVGAPlayer-iOS.git",
      "state" : {
        "branch" : "SPM",
        "revision" : "0c03484ddb17aa53363f38ff7c8beb42308b97bc"
      }
    },
    {
      "identity" : "svgaplayer_optimized",
      "kind" : "remoteSourceControl",
      "location" : "https://github.com/Rogue24/SVGAPlayer_Optimized.git",
      "state" : {
        "branch" : "SPM",
        "revision" : "87050486d00b52c820ecd2985d8cca27694eba84"
      }
    },
    {
      "identity" : "ziparchive",
      "kind" : "remoteSourceControl",
      "location" : "https://github.com/ZipArchive/ZipArchive.git",
      "state" : {
        "revision" : "df35718ea19a94e015b91dc4881dee028ce4cdba",
        "version" : "2.6.0"
      }
    }
  ],
  "version" : 3
}
