{
  "originHash" : "0e236770ead7c8ba92e2eb0f3bb59ebc16e6de6ea52d04644cf033a3764c2e63",
  "pins" : [
    {
      "identity" : "svgaplayer-ios",
      "kind" : "remoteSourceControl",
      "location" : "https://github.com/Rogue24/SVGAPlayer-iOS.git",
      "state" : {
        "branch" : "SPM",
        "revision" : "b4e558fb466852f08dc007a9576f0b3424e7f7e7"
      }
    },
    {
      "identity" : "svgaplayer_optimized",
      "kind" : "remoteSourceControl",
      "location" : "https://github.com/Rogue24/SVGAPlayer_Optimized.git",
      "state" : {
        "branch" : "SPM",
        "revision" : "2fc322da1752774b2951c2d24ed47dbce7b36085"
      }
    },
    {
      "identity" : "ziparchive",
      "kind" : "remoteSourceControl",
      "location" : "https://github.com/ZipArchive/ZipArchive.git",
      "state" : {
        "revision" : "df35718ea19a94e015b91dc4881dee028ce4cdba",
        "version" : "2.6.0"
      }
    }
  ],
  "version" : 3
}
